// !$*UTF8*$!
{
	archiveVersion = 1;
	classes = {
	};
	objectVersion = 46;
	objects = {

/* Begin PBXBuildFile section */
		210DC4971CFED09100D4EC36 /* DHTPersistanceQueryCommand+SchemaManipulate.m in Sources */ = {isa = PBXBuildFile; fileRef = 210DC4961CFED09100D4EC36 /* DHTPersistanceQueryCommand+SchemaManipulate.m */; };
		210DC49D1CFEEE7100D4EC36 /* DHTPersistanceQueryCommand+DataManipulate.m in Sources */ = {isa = PBXBuildFile; fileRef = 210DC49C1CFEEE7100D4EC36 /* DHTPersistanceQueryCommand+DataManipulate.m */; };
		210DC4A11D00072A00D4EC36 /* DHTPersistanceTable+Find.m in Sources */ = {isa = PBXBuildFile; fileRef = 210DC4A01D00072A00D4EC36 /* DHTPersistanceTable+Find.m */; };
		210DC4A51D00097200D4EC36 /* DHTPersistanceCriteria.m in Sources */ = {isa = PBXBuildFile; fileRef = 210DC4A41D00097200D4EC36 /* DHTPersistanceCriteria.m */; };
		210DC4A91D000B8D00D4EC36 /* DHTPersistanceQueryCommand+ReadingManipulate.m in Sources */ = {isa = PBXBuildFile; fileRef = 210DC4A81D000B8D00D4EC36 /* DHTPersistanceQueryCommand+ReadingManipulate.m */; };
		210DC4AD1D00135000D4EC36 /* NSArray+DHTPersistanceRecordTransform.m in Sources */ = {isa = PBXBuildFile; fileRef = 210DC4AC1D00135000D4EC36 /* NSArray+DHTPersistanceRecordTransform.m */; };
		211A46B61CE8775500FDE13A /* DHTMediator.m in Sources */ = {isa = PBXBuildFile; fileRef = 211A46B51CE8775500FDE13A /* DHTMediator.m */; };
		211A46BB1CE89FB700FDE13A /* DHTMediator+DHTMediatorPlanActions.m in Sources */ = {isa = PBXBuildFile; fileRef = 211A46BA1CE89FB700FDE13A /* DHTMediator+DHTMediatorPlanActions.m */; };
		211A46BF1CE8A1DC00FDE13A /* Target_Plan.m in Sources */ = {isa = PBXBuildFile; fileRef = 211A46BE1CE8A1DC00FDE13A /* Target_Plan.m */; };
		211A46C11CF1AA6900FDE13A /* DHTPlanViewController.m in Sources */ = {isa = PBXBuildFile; fileRef = 211A46C01CF1AA6900FDE13A /* DHTPlanViewController.m */; };
		21269A4C1B13694F00B43227 /* DHTAddCheckViewController.m in Sources */ = {isa = PBXBuildFile; fileRef = 21269A4B1B13694F00B43227 /* DHTAddCheckViewController.m */; };
		212747DE1D01727D00BB87E5 /* NSObjectSafe.m in Sources */ = {isa = PBXBuildFile; fileRef = 212747DD1D01727D00BB87E5 /* NSObjectSafe.m */; };
		213EE2551AFE1134008FB47C /* main.m in Sources */ = {isa = PBXBuildFile; fileRef = 213EE2541AFE1134008FB47C /* main.m */; };
		213EE2581AFE1134008FB47C /* AppDelegate.m in Sources */ = {isa = PBXBuildFile; fileRef = 213EE2571AFE1134008FB47C /* AppDelegate.m */; };
		213EE25B1AFE1134008FB47C /* ViewController.m in Sources */ = {isa = PBXBuildFile; fileRef = 213EE25A1AFE1134008FB47C /* ViewController.m */; };
		213EE25E1AFE1134008FB47C /* Main.storyboard in Resources */ = {isa = PBXBuildFile; fileRef = 213EE25C1AFE1134008FB47C /* Main.storyboard */; };
		213EE2601AFE1134008FB47C /* Images.xcassets in Resources */ = {isa = PBXBuildFile; fileRef = 213EE25F1AFE1134008FB47C /* Images.xcassets */; };
		213EE2631AFE1134008FB47C /* LaunchScreen.xib in Resources */ = {isa = PBXBuildFile; fileRef = 213EE2611AFE1134008FB47C /* LaunchScreen.xib */; };
		213EE26F1AFE1134008FB47C /* EffetivePlanTests.m in Sources */ = {isa = PBXBuildFile; fileRef = 213EE26E1AFE1134008FB47C /* EffetivePlanTests.m */; };
		213EE2901AFE556B008FB47C /* DHTDoViewController.m in Sources */ = {isa = PBXBuildFile; fileRef = 213EE28F1AFE556B008FB47C /* DHTDoViewController.m */; };
		213EE2931AFE559A008FB47C /* DHTCheckViewController.m in Sources */ = {isa = PBXBuildFile; fileRef = 213EE2921AFE559A008FB47C /* DHTCheckViewController.m */; };
		213EE2961AFE55AF008FB47C /* DHTActionViewController.m in Sources */ = {isa = PBXBuildFile; fileRef = 213EE2951AFE55AF008FB47C /* DHTActionViewController.m */; };
		213EE2991AFE55EE008FB47C /* DHTPlanStore.m in Sources */ = {isa = PBXBuildFile; fileRef = 213EE2981AFE55EE008FB47C /* DHTPlanStore.m */; };
		213EE2DA1AFF8D4A008FB47C /* EffectivePlan.xcdatamodeld in Sources */ = {isa = PBXBuildFile; fileRef = 213EE2D81AFF8D4A008FB47C /* EffectivePlan.xcdatamodeld */; };
		213EE2EA1AFF95C0008FB47C /* DHTPlanCell.m in Sources */ = {isa = PBXBuildFile; fileRef = 213EE2E81AFF95C0008FB47C /* DHTPlanCell.m */; };
		213EE2EB1AFF95C0008FB47C /* DHTPlanCell.xib in Resources */ = {isa = PBXBuildFile; fileRef = 213EE2E91AFF95C0008FB47C /* DHTPlanCell.xib */; };
		213EE2EE1B00DDD2008FB47C /* DHTAddPlanView.m in Sources */ = {isa = PBXBuildFile; fileRef = 213EE2ED1B00DDD2008FB47C /* DHTAddPlanView.m */; };
		214982571B0B92CD00FB032B /* DHTAddDoViewController.m in Sources */ = {isa = PBXBuildFile; fileRef = 214982561B0B92CD00FB032B /* DHTAddDoViewController.m */; };
		215974DC1CFC744A004C62C7 /* DHTPersistanceTable.m in Sources */ = {isa = PBXBuildFile; fileRef = 215974DB1CFC744A004C62C7 /* DHTPersistanceTable.m */; };
		215974E01CFDBB8A004C62C7 /* DHTPersistanceQueryCommand.m in Sources */ = {isa = PBXBuildFile; fileRef = 215974DF1CFDBB8A004C62C7 /* DHTPersistanceQueryCommand.m */; };
		219091C21CFF32FA00D59F97 /* DHTPersistanceTable+Insert.m in Sources */ = {isa = PBXBuildFile; fileRef = 219091C11CFF32FA00D59F97 /* DHTPersistanceTable+Insert.m */; };
		219091CA1CFF37CA00D59F97 /* DHTPlanDataCenter.m in Sources */ = {isa = PBXBuildFile; fileRef = 219091C91CFF37CA00D59F97 /* DHTPlanDataCenter.m */; };
		219091CE1CFF385800D59F97 /* DHTPlanTable.m in Sources */ = {isa = PBXBuildFile; fileRef = 219091CD1CFF385800D59F97 /* DHTPlanTable.m */; };
		219091D61CFF403A00D59F97 /* DHTPlanRecord.m in Sources */ = {isa = PBXBuildFile; fileRef = 219091D51CFF403A00D59F97 /* DHTPlanRecord.m */; };
		219091DA1D029FCA00D59F97 /* DHTManipulatePlanViewController.m in Sources */ = {isa = PBXBuildFile; fileRef = 219091D81D029FCA00D59F97 /* DHTManipulatePlanViewController.m */; };
		219091DB1D029FCA00D59F97 /* DHTManipulatePlanViewController.xib in Resources */ = {isa = PBXBuildFile; fileRef = 219091D91D029FCA00D59F97 /* DHTManipulatePlanViewController.xib */; };
		219091DE1D02BB3600D59F97 /* UIViewController+Base.m in Sources */ = {isa = PBXBuildFile; fileRef = 219091DD1D02BB3600D59F97 /* UIViewController+Base.m */; };
		219091E21D02C4D200D59F97 /* DHTNavigationControllerDelegate.m in Sources */ = {isa = PBXBuildFile; fileRef = 219091E11D02C4D200D59F97 /* DHTNavigationControllerDelegate.m */; };
		21C73C521CBFDE5C00C6E25F /* DHTAPIBaseManager.m in Sources */ = {isa = PBXBuildFile; fileRef = 21C73C511CBFDE5C00C6E25F /* DHTAPIBaseManager.m */; };
		21C73C551CBFE5CC00C6E25F /* DHTApiProxy.m in Sources */ = {isa = PBXBuildFile; fileRef = 21C73C541CBFE5CC00C6E25F /* DHTApiProxy.m */; };
		21C73C581CBFE7DC00C6E25F /* DHTURLResponse.m in Sources */ = {isa = PBXBuildFile; fileRef = 21C73C571CBFE7DC00C6E25F /* DHTURLResponse.m */; };
		21C73C5C1CC21CF900C6E25F /* DHTPlanListReformer.m in Sources */ = {isa = PBXBuildFile; fileRef = 21C73C5B1CC21CF900C6E25F /* DHTPlanListReformer.m */; };
		21D7BD281B0732EC00C4C94F /* DHTDo.m in Sources */ = {isa = PBXBuildFile; fileRef = 21D7BD271B0732EC00C4C94F /* DHTDo.m */; };
		21D7BD2B1B0732ED00C4C94F /* DHTAction.m in Sources */ = {isa = PBXBuildFile; fileRef = 21D7BD2A1B0732ED00C4C94F /* DHTAction.m */; };
		21D7BD2E1B0732ED00C4C94F /* DHTPlan.m in Sources */ = {isa = PBXBuildFile; fileRef = 21D7BD2D1B0732ED00C4C94F /* DHTPlan.m */; };
		21D7BD311B0732ED00C4C94F /* DHTCheck.m in Sources */ = {isa = PBXBuildFile; fileRef = 21D7BD301B0732ED00C4C94F /* DHTCheck.m */; };
		21D7BD351B075EA600C4C94F /* DHTDoCell.m in Sources */ = {isa = PBXBuildFile; fileRef = 21D7BD341B075EA600C4C94F /* DHTDoCell.m */; };
		21D7BD391B0760AF00C4C94F /* UIView+Create.m in Sources */ = {isa = PBXBuildFile; fileRef = 21D7BD381B0760AF00C4C94F /* UIView+Create.m */; };
		21D7BD3C1B07762800C4C94F /* DHTPhoneTableViewCell.m in Sources */ = {isa = PBXBuildFile; fileRef = 21D7BD3B1B07762800C4C94F /* DHTPhoneTableViewCell.m */; };
		21E9278C1CFDDA8A00112E17 /* DHTPersistanceDatabasePool.m in Sources */ = {isa = PBXBuildFile; fileRef = 21E9278B1CFDDA8A00112E17 /* DHTPersistanceDatabasePool.m */; };
		21F926F51CFC1A8300D68072 /* DHTPersistanceDataBase.m in Sources */ = {isa = PBXBuildFile; fileRef = 21F926F41CFC1A8300D68072 /* DHTPersistanceDataBase.m */; };
		21F926F71CFC1D4A00D68072 /* libsqlite3.tbd in Frameworks */ = {isa = PBXBuildFile; fileRef = 21F926F61CFC1D4A00D68072 /* libsqlite3.tbd */; };
		21F999491CC4B1A9005CBF92 /* DHTLogger.m in Sources */ = {isa = PBXBuildFile; fileRef = 21F999481CC4B1A9005CBF92 /* DHTLogger.m */; };
		21F9994D1CC4B5E9005CBF92 /* NSMutableString+DHTNetworkingMethods.m in Sources */ = {isa = PBXBuildFile; fileRef = 21F9994C1CC4B5E9005CBF92 /* NSMutableString+DHTNetworkingMethods.m */; };
		21F999501CC4B722005CBF92 /* NSObject+DHTNetworkingMethods.m in Sources */ = {isa = PBXBuildFile; fileRef = 21F9994F1CC4B722005CBF92 /* NSObject+DHTNetworkingMethods.m */; };
		21F999531CC4C962005CBF92 /* DHTUpdatePlan.m in Sources */ = {isa = PBXBuildFile; fileRef = 21F999521CC4C962005CBF92 /* DHTUpdatePlan.m */; };
		21FF24F51CC0810000D405D2 /* DHTRequestGenerator.m in Sources */ = {isa = PBXBuildFile; fileRef = 21FF24F41CC0810000D405D2 /* DHTRequestGenerator.m */; };
		21FF25011CC0898800D405D2 /* DHTService.m in Sources */ = {isa = PBXBuildFile; fileRef = 21FF25001CC0898800D405D2 /* DHTService.m */; };
		21FF25041CC08C2900D405D2 /* DHTServiceFactory.m in Sources */ = {isa = PBXBuildFile; fileRef = 21FF25031CC08C2900D405D2 /* DHTServiceFactory.m */; };
		21FF250A1CC08FF400D405D2 /* DHTServicePlan.m in Sources */ = {isa = PBXBuildFile; fileRef = 21FF25091CC08FF400D405D2 /* DHTServicePlan.m */; };
		21FF250E1CC0C55400D405D2 /* DHTGetPlanManager.m in Sources */ = {isa = PBXBuildFile; fileRef = 21FF250D1CC0C55400D405D2 /* DHTGetPlanManager.m */; };
		5C489F920F94D938D2950240 /* libPods-EffetivePlan.a in Frameworks */ = {isa = PBXBuildFile; fileRef = C97F759027D4410946B84C3C /* libPods-EffetivePlan.a */; };
/* End PBXBuildFile section */

/* Begin PBXContainerItemProxy section */
		213EE2691AFE1134008FB47C /* PBXContainerItemProxy */ = {
			isa = PBXContainerItemProxy;
			containerPortal = 213EE2471AFE1134008FB47C /* Project object */;
			proxyType = 1;
			remoteGlobalIDString = 213EE24E1AFE1134008FB47C;
			remoteInfo = EffetivePlan;
		};
/* End PBXContainerItemProxy section */

/* Begin PBXFileReference section */
		210DC4951CFED09100D4EC36 /* DHTPersistanceQueryCommand+SchemaManipulate.h */ = {isa = PBXFileReference; fileEncoding = 4; lastKnownFileType = sourcecode.c.h; path = "DHTPersistanceQueryCommand+SchemaManipulate.h"; sourceTree = "<group>"; };
		210DC4961CFED09100D4EC36 /* DHTPersistanceQueryCommand+SchemaManipulate.m */ = {isa = PBXFileReference; fileEncoding = 4; lastKnownFileType = sourcecode.c.objc; path = "DHTPersistanceQueryCommand+SchemaManipulate.m"; sourceTree = "<group>"; };
		210DC4991CFEECED00D4EC36 /* DHTPersistance.h */ = {isa = PBXFileReference; lastKnownFileType = sourcecode.c.h; path = DHTPersistance.h; sourceTree = "<group>"; };
		210DC49B1CFEEE7100D4EC36 /* DHTPersistanceQueryCommand+DataManipulate.h */ = {isa = PBXFileReference; fileEncoding = 4; lastKnownFileType = sourcecode.c.h; path = "DHTPersistanceQueryCommand+DataManipulate.h"; sourceTree = "<group>"; };
		210DC49C1CFEEE7100D4EC36 /* DHTPersistanceQueryCommand+DataManipulate.m */ = {isa = PBXFileReference; fileEncoding = 4; lastKnownFileType = sourcecode.c.objc; path = "DHTPersistanceQueryCommand+DataManipulate.m"; sourceTree = "<group>"; };
		210DC49F1D00072A00D4EC36 /* DHTPersistanceTable+Find.h */ = {isa = PBXFileReference; fileEncoding = 4; lastKnownFileType = sourcecode.c.h; path = "DHTPersistanceTable+Find.h"; sourceTree = "<group>"; };
		210DC4A01D00072A00D4EC36 /* DHTPersistanceTable+Find.m */ = {isa = PBXFileReference; fileEncoding = 4; lastKnownFileType = sourcecode.c.objc; path = "DHTPersistanceTable+Find.m"; sourceTree = "<group>"; };
		210DC4A31D00097200D4EC36 /* DHTPersistanceCriteria.h */ = {isa = PBXFileReference; fileEncoding = 4; lastKnownFileType = sourcecode.c.h; path = DHTPersistanceCriteria.h; sourceTree = "<group>"; };
		210DC4A41D00097200D4EC36 /* DHTPersistanceCriteria.m */ = {isa = PBXFileReference; fileEncoding = 4; lastKnownFileType = sourcecode.c.objc; path = DHTPersistanceCriteria.m; sourceTree = "<group>"; };
		210DC4A71D000B8D00D4EC36 /* DHTPersistanceQueryCommand+ReadingManipulate.h */ = {isa = PBXFileReference; fileEncoding = 4; lastKnownFileType = sourcecode.c.h; path = "DHTPersistanceQueryCommand+ReadingManipulate.h"; sourceTree = "<group>"; };
		210DC4A81D000B8D00D4EC36 /* DHTPersistanceQueryCommand+ReadingManipulate.m */ = {isa = PBXFileReference; fileEncoding = 4; lastKnownFileType = sourcecode.c.objc; path = "DHTPersistanceQueryCommand+ReadingManipulate.m"; sourceTree = "<group>"; };
		210DC4AB1D00135000D4EC36 /* NSArray+DHTPersistanceRecordTransform.h */ = {isa = PBXFileReference; fileEncoding = 4; lastKnownFileType = sourcecode.c.h; path = "NSArray+DHTPersistanceRecordTransform.h"; sourceTree = "<group>"; };
		210DC4AC1D00135000D4EC36 /* NSArray+DHTPersistanceRecordTransform.m */ = {isa = PBXFileReference; fileEncoding = 4; lastKnownFileType = sourcecode.c.objc; path = "NSArray+DHTPersistanceRecordTransform.m"; sourceTree = "<group>"; };
		211A46B41CE8775500FDE13A /* DHTMediator.h */ = {isa = PBXFileReference; fileEncoding = 4; lastKnownFileType = sourcecode.c.h; path = DHTMediator.h; sourceTree = "<group>"; };
		211A46B51CE8775500FDE13A /* DHTMediator.m */ = {isa = PBXFileReference; fileEncoding = 4; lastKnownFileType = sourcecode.c.objc; path = DHTMediator.m; sourceTree = "<group>"; };
		211A46B91CE89FB700FDE13A /* DHTMediator+DHTMediatorPlanActions.h */ = {isa = PBXFileReference; fileEncoding = 4; lastKnownFileType = sourcecode.c.h; path = "DHTMediator+DHTMediatorPlanActions.h"; sourceTree = "<group>"; };
		211A46BA1CE89FB700FDE13A /* DHTMediator+DHTMediatorPlanActions.m */ = {isa = PBXFileReference; fileEncoding = 4; lastKnownFileType = sourcecode.c.objc; path = "DHTMediator+DHTMediatorPlanActions.m"; sourceTree = "<group>"; };
		211A46BD1CE8A1DC00FDE13A /* Target_Plan.h */ = {isa = PBXFileReference; fileEncoding = 4; lastKnownFileType = sourcecode.c.h; path = Target_Plan.h; sourceTree = "<group>"; };
		211A46BE1CE8A1DC00FDE13A /* Target_Plan.m */ = {isa = PBXFileReference; fileEncoding = 4; lastKnownFileType = sourcecode.c.objc; path = Target_Plan.m; sourceTree = "<group>"; };
		211A46C01CF1AA6900FDE13A /* DHTPlanViewController.m */ = {isa = PBXFileReference; fileEncoding = 4; lastKnownFileType = sourcecode.c.objc; path = DHTPlanViewController.m; sourceTree = "<group>"; };
		211A46C21CF1AF7B00FDE13A /* DHTPlanListReformerKeys.h */ = {isa = PBXFileReference; lastKnownFileType = sourcecode.c.h; path = DHTPlanListReformerKeys.h; sourceTree = "<group>"; };
		21269A4A1B13694F00B43227 /* DHTAddCheckViewController.h */ = {isa = PBXFileReference; fileEncoding = 4; lastKnownFileType = sourcecode.c.h; path = DHTAddCheckViewController.h; sourceTree = "<group>"; };
		21269A4B1B13694F00B43227 /* DHTAddCheckViewController.m */ = {isa = PBXFileReference; fileEncoding = 4; lastKnownFileType = sourcecode.c.objc; path = DHTAddCheckViewController.m; sourceTree = "<group>"; };
		212747DC1D01727D00BB87E5 /* NSObjectSafe.h */ = {isa = PBXFileReference; fileEncoding = 4; lastKnownFileType = sourcecode.c.h; path = NSObjectSafe.h; sourceTree = "<group>"; };
		212747DD1D01727D00BB87E5 /* NSObjectSafe.m */ = {isa = PBXFileReference; fileEncoding = 4; lastKnownFileType = sourcecode.c.objc; path = NSObjectSafe.m; sourceTree = "<group>"; };
		213EE24F1AFE1134008FB47C /* EffetivePlan.app */ = {isa = PBXFileReference; explicitFileType = wrapper.application; includeInIndex = 0; path = EffetivePlan.app; sourceTree = BUILT_PRODUCTS_DIR; };
		213EE2531AFE1134008FB47C /* Info.plist */ = {isa = PBXFileReference; lastKnownFileType = text.plist.xml; path = Info.plist; sourceTree = "<group>"; };
		213EE2541AFE1134008FB47C /* main.m */ = {isa = PBXFileReference; lastKnownFileType = sourcecode.c.objc; path = main.m; sourceTree = "<group>"; };
		213EE2561AFE1134008FB47C /* AppDelegate.h */ = {isa = PBXFileReference; lastKnownFileType = sourcecode.c.h; path = AppDelegate.h; sourceTree = "<group>"; };
		213EE2571AFE1134008FB47C /* AppDelegate.m */ = {isa = PBXFileReference; lastKnownFileType = sourcecode.c.objc; path = AppDelegate.m; sourceTree = "<group>"; };
		213EE2591AFE1134008FB47C /* ViewController.h */ = {isa = PBXFileReference; lastKnownFileType = sourcecode.c.h; path = ViewController.h; sourceTree = "<group>"; };
		213EE25A1AFE1134008FB47C /* ViewController.m */ = {isa = PBXFileReference; lastKnownFileType = sourcecode.c.objc; path = ViewController.m; sourceTree = "<group>"; };
		213EE25D1AFE1134008FB47C /* Base */ = {isa = PBXFileReference; lastKnownFileType = file.storyboard; name = Base; path = Base.lproj/Main.storyboard; sourceTree = "<group>"; };
		213EE25F1AFE1134008FB47C /* Images.xcassets */ = {isa = PBXFileReference; lastKnownFileType = folder.assetcatalog; path = Images.xcassets; sourceTree = "<group>"; };
		213EE2621AFE1134008FB47C /* Base */ = {isa = PBXFileReference; lastKnownFileType = file.xib; name = Base; path = Base.lproj/LaunchScreen.xib; sourceTree = "<group>"; };
		213EE2681AFE1134008FB47C /* EffetivePlanTests.xctest */ = {isa = PBXFileReference; explicitFileType = wrapper.cfbundle; includeInIndex = 0; path = EffetivePlanTests.xctest; sourceTree = BUILT_PRODUCTS_DIR; };
		213EE26D1AFE1134008FB47C /* Info.plist */ = {isa = PBXFileReference; lastKnownFileType = text.plist.xml; path = Info.plist; sourceTree = "<group>"; };
		213EE26E1AFE1134008FB47C /* EffetivePlanTests.m */ = {isa = PBXFileReference; lastKnownFileType = sourcecode.c.objc; path = EffetivePlanTests.m; sourceTree = "<group>"; };
		213EE28B1AFE5554008FB47C /* DHTPlanViewController.h */ = {isa = PBXFileReference; fileEncoding = 4; lastKnownFileType = sourcecode.c.h; path = DHTPlanViewController.h; sourceTree = "<group>"; };
		213EE28E1AFE556B008FB47C /* DHTDoViewController.h */ = {isa = PBXFileReference; fileEncoding = 4; lastKnownFileType = sourcecode.c.h; path = DHTDoViewController.h; sourceTree = "<group>"; };
		213EE28F1AFE556B008FB47C /* DHTDoViewController.m */ = {isa = PBXFileReference; fileEncoding = 4; lastKnownFileType = sourcecode.c.objc; path = DHTDoViewController.m; sourceTree = "<group>"; };
		213EE2911AFE559A008FB47C /* DHTCheckViewController.h */ = {isa = PBXFileReference; fileEncoding = 4; lastKnownFileType = sourcecode.c.h; path = DHTCheckViewController.h; sourceTree = "<group>"; };
		213EE2921AFE559A008FB47C /* DHTCheckViewController.m */ = {isa = PBXFileReference; fileEncoding = 4; lastKnownFileType = sourcecode.c.objc; path = DHTCheckViewController.m; sourceTree = "<group>"; };
		213EE2941AFE55AF008FB47C /* DHTActionViewController.h */ = {isa = PBXFileReference; fileEncoding = 4; lastKnownFileType = sourcecode.c.h; path = DHTActionViewController.h; sourceTree = "<group>"; };
		213EE2951AFE55AF008FB47C /* DHTActionViewController.m */ = {isa = PBXFileReference; fileEncoding = 4; lastKnownFileType = sourcecode.c.objc; path = DHTActionViewController.m; sourceTree = "<group>"; };
		213EE2971AFE55EE008FB47C /* DHTPlanStore.h */ = {isa = PBXFileReference; fileEncoding = 4; lastKnownFileType = sourcecode.c.h; path = DHTPlanStore.h; sourceTree = "<group>"; };
		213EE2981AFE55EE008FB47C /* DHTPlanStore.m */ = {isa = PBXFileReference; fileEncoding = 4; lastKnownFileType = sourcecode.c.objc; path = DHTPlanStore.m; sourceTree = "<group>"; };
		213EE2D91AFF8D4A008FB47C /* EffectivePlan.xcdatamodel */ = {isa = PBXFileReference; lastKnownFileType = wrapper.xcdatamodel; path = EffectivePlan.xcdatamodel; sourceTree = "<group>"; };
		213EE2E71AFF95C0008FB47C /* DHTPlanCell.h */ = {isa = PBXFileReference; fileEncoding = 4; lastKnownFileType = sourcecode.c.h; path = DHTPlanCell.h; sourceTree = "<group>"; };
		213EE2E81AFF95C0008FB47C /* DHTPlanCell.m */ = {isa = PBXFileReference; fileEncoding = 4; lastKnownFileType = sourcecode.c.objc; path = DHTPlanCell.m; sourceTree = "<group>"; };
		213EE2E91AFF95C0008FB47C /* DHTPlanCell.xib */ = {isa = PBXFileReference; fileEncoding = 4; lastKnownFileType = file.xib; path = DHTPlanCell.xib; sourceTree = "<group>"; };
		213EE2EC1B00DDD2008FB47C /* DHTAddPlanView.h */ = {isa = PBXFileReference; fileEncoding = 4; lastKnownFileType = sourcecode.c.h; path = DHTAddPlanView.h; sourceTree = "<group>"; };
		213EE2ED1B00DDD2008FB47C /* DHTAddPlanView.m */ = {isa = PBXFileReference; fileEncoding = 4; lastKnownFileType = sourcecode.c.objc; path = DHTAddPlanView.m; sourceTree = "<group>"; };
		214982551B0B92CD00FB032B /* DHTAddDoViewController.h */ = {isa = PBXFileReference; fileEncoding = 4; lastKnownFileType = sourcecode.c.h; path = DHTAddDoViewController.h; sourceTree = "<group>"; };
		214982561B0B92CD00FB032B /* DHTAddDoViewController.m */ = {isa = PBXFileReference; fileEncoding = 4; lastKnownFileType = sourcecode.c.objc; path = DHTAddDoViewController.m; sourceTree = "<group>"; };
		215974DA1CFC744A004C62C7 /* DHTPersistanceTable.h */ = {isa = PBXFileReference; fileEncoding = 4; lastKnownFileType = sourcecode.c.h; path = DHTPersistanceTable.h; sourceTree = "<group>"; };
		215974DB1CFC744A004C62C7 /* DHTPersistanceTable.m */ = {isa = PBXFileReference; fileEncoding = 4; lastKnownFileType = sourcecode.c.objc; path = DHTPersistanceTable.m; sourceTree = "<group>"; };
		215974DE1CFDBB8A004C62C7 /* DHTPersistanceQueryCommand.h */ = {isa = PBXFileReference; fileEncoding = 4; lastKnownFileType = sourcecode.c.h; path = DHTPersistanceQueryCommand.h; sourceTree = "<group>"; };
		215974DF1CFDBB8A004C62C7 /* DHTPersistanceQueryCommand.m */ = {isa = PBXFileReference; fileEncoding = 4; lastKnownFileType = sourcecode.c.objc; path = DHTPersistanceQueryCommand.m; sourceTree = "<group>"; };
		219091C01CFF32FA00D59F97 /* DHTPersistanceTable+Insert.h */ = {isa = PBXFileReference; fileEncoding = 4; lastKnownFileType = sourcecode.c.h; path = "DHTPersistanceTable+Insert.h"; sourceTree = "<group>"; };
		219091C11CFF32FA00D59F97 /* DHTPersistanceTable+Insert.m */ = {isa = PBXFileReference; fileEncoding = 4; lastKnownFileType = sourcecode.c.objc; path = "DHTPersistanceTable+Insert.m"; sourceTree = "<group>"; };
		219091C51CFF33F400D59F97 /* DHTPersistanceRecordProtocol.h */ = {isa = PBXFileReference; lastKnownFileType = sourcecode.c.h; path = DHTPersistanceRecordProtocol.h; sourceTree = "<group>"; };
		219091C81CFF37CA00D59F97 /* DHTPlanDataCenter.h */ = {isa = PBXFileReference; fileEncoding = 4; lastKnownFileType = sourcecode.c.h; path = DHTPlanDataCenter.h; sourceTree = "<group>"; };
		219091C91CFF37CA00D59F97 /* DHTPlanDataCenter.m */ = {isa = PBXFileReference; fileEncoding = 4; lastKnownFileType = sourcecode.c.objc; path = DHTPlanDataCenter.m; sourceTree = "<group>"; };
		219091CC1CFF385800D59F97 /* DHTPlanTable.h */ = {isa = PBXFileReference; fileEncoding = 4; lastKnownFileType = sourcecode.c.h; path = DHTPlanTable.h; sourceTree = "<group>"; };
		219091CD1CFF385800D59F97 /* DHTPlanTable.m */ = {isa = PBXFileReference; fileEncoding = 4; lastKnownFileType = sourcecode.c.objc; path = DHTPlanTable.m; sourceTree = "<group>"; };
		219091D21CFF3AED00D59F97 /* EffectivePlan-prefix.pch */ = {isa = PBXFileReference; fileEncoding = 4; lastKnownFileType = sourcecode.c.h; path = "EffectivePlan-prefix.pch"; sourceTree = "<group>"; };
		219091D41CFF403A00D59F97 /* DHTPlanRecord.h */ = {isa = PBXFileReference; fileEncoding = 4; lastKnownFileType = sourcecode.c.h; path = DHTPlanRecord.h; sourceTree = "<group>"; };
		219091D51CFF403A00D59F97 /* DHTPlanRecord.m */ = {isa = PBXFileReference; fileEncoding = 4; lastKnownFileType = sourcecode.c.objc; path = DHTPlanRecord.m; sourceTree = "<group>"; };
		219091D71D029FCA00D59F97 /* DHTManipulatePlanViewController.h */ = {isa = PBXFileReference; fileEncoding = 4; lastKnownFileType = sourcecode.c.h; path = DHTManipulatePlanViewController.h; sourceTree = "<group>"; };
		219091D81D029FCA00D59F97 /* DHTManipulatePlanViewController.m */ = {isa = PBXFileReference; fileEncoding = 4; lastKnownFileType = sourcecode.c.objc; path = DHTManipulatePlanViewController.m; sourceTree = "<group>"; };
		219091D91D029FCA00D59F97 /* DHTManipulatePlanViewController.xib */ = {isa = PBXFileReference; fileEncoding = 4; lastKnownFileType = file.xib; path = DHTManipulatePlanViewController.xib; sourceTree = "<group>"; };
		219091DC1D02BB3600D59F97 /* UIViewController+Base.h */ = {isa = PBXFileReference; fileEncoding = 4; lastKnownFileType = sourcecode.c.h; path = "UIViewController+Base.h"; sourceTree = "<group>"; };
		219091DD1D02BB3600D59F97 /* UIViewController+Base.m */ = {isa = PBXFileReference; fileEncoding = 4; lastKnownFileType = sourcecode.c.objc; path = "UIViewController+Base.m"; sourceTree = "<group>"; };
		219091DF1D02C33B00D59F97 /* APPHeader.h */ = {isa = PBXFileReference; lastKnownFileType = sourcecode.c.h; path = APPHeader.h; sourceTree = "<group>"; };
		219091E01D02C4D200D59F97 /* DHTNavigationControllerDelegate.h */ = {isa = PBXFileReference; fileEncoding = 4; lastKnownFileType = sourcecode.c.h; path = DHTNavigationControllerDelegate.h; sourceTree = "<group>"; };
		219091E11D02C4D200D59F97 /* DHTNavigationControllerDelegate.m */ = {isa = PBXFileReference; fileEncoding = 4; lastKnownFileType = sourcecode.c.objc; path = DHTNavigationControllerDelegate.m; sourceTree = "<group>"; };
		21A932DB91A990A8E2B848D4 /* Pods-EffetivePlan.debug.xcconfig */ = {isa = PBXFileReference; includeInIndex = 1; lastKnownFileType = text.xcconfig; name = "Pods-EffetivePlan.debug.xcconfig"; path = "Pods/Target Support Files/Pods-EffetivePlan/Pods-EffetivePlan.debug.xcconfig"; sourceTree = "<group>"; };
		21C73C501CBFDE5C00C6E25F /* DHTAPIBaseManager.h */ = {isa = PBXFileReference; fileEncoding = 4; lastKnownFileType = sourcecode.c.h; path = DHTAPIBaseManager.h; sourceTree = "<group>"; };
		21C73C511CBFDE5C00C6E25F /* DHTAPIBaseManager.m */ = {isa = PBXFileReference; fileEncoding = 4; lastKnownFileType = sourcecode.c.objc; path = DHTAPIBaseManager.m; sourceTree = "<group>"; };
		21C73C531CBFE5CC00C6E25F /* DHTApiProxy.h */ = {isa = PBXFileReference; fileEncoding = 4; lastKnownFileType = sourcecode.c.h; path = DHTApiProxy.h; sourceTree = "<group>"; };
		21C73C541CBFE5CC00C6E25F /* DHTApiProxy.m */ = {isa = PBXFileReference; fileEncoding = 4; lastKnownFileType = sourcecode.c.objc; path = DHTApiProxy.m; sourceTree = "<group>"; };
		21C73C561CBFE7DC00C6E25F /* DHTURLResponse.h */ = {isa = PBXFileReference; fileEncoding = 4; lastKnownFileType = sourcecode.c.h; path = DHTURLResponse.h; sourceTree = "<group>"; };
		21C73C571CBFE7DC00C6E25F /* DHTURLResponse.m */ = {isa = PBXFileReference; fileEncoding = 4; lastKnownFileType = sourcecode.c.objc; path = DHTURLResponse.m; sourceTree = "<group>"; };
		21C73C5A1CC21CF900C6E25F /* DHTPlanListReformer.h */ = {isa = PBXFileReference; fileEncoding = 4; lastKnownFileType = sourcecode.c.h; path = DHTPlanListReformer.h; sourceTree = "<group>"; };
		21C73C5B1CC21CF900C6E25F /* DHTPlanListReformer.m */ = {isa = PBXFileReference; fileEncoding = 4; lastKnownFileType = sourcecode.c.objc; path = DHTPlanListReformer.m; sourceTree = "<group>"; };
		21C73C5E1CC28C8F00C6E25F /* APPMacro.h */ = {isa = PBXFileReference; lastKnownFileType = sourcecode.c.h; path = APPMacro.h; sourceTree = "<group>"; };
		21D7BD251B06365000C4C94F /* EffectivePlanV2.xcdatamodel */ = {isa = PBXFileReference; lastKnownFileType = wrapper.xcdatamodel; path = EffectivePlanV2.xcdatamodel; sourceTree = "<group>"; };
		21D7BD261B0732EC00C4C94F /* DHTDo.h */ = {isa = PBXFileReference; fileEncoding = 4; lastKnownFileType = sourcecode.c.h; path = DHTDo.h; sourceTree = "<group>"; };
		21D7BD271B0732EC00C4C94F /* DHTDo.m */ = {isa = PBXFileReference; fileEncoding = 4; lastKnownFileType = sourcecode.c.objc; path = DHTDo.m; sourceTree = "<group>"; };
		21D7BD291B0732ED00C4C94F /* DHTAction.h */ = {isa = PBXFileReference; fileEncoding = 4; lastKnownFileType = sourcecode.c.h; path = DHTAction.h; sourceTree = "<group>"; };
		21D7BD2A1B0732ED00C4C94F /* DHTAction.m */ = {isa = PBXFileReference; fileEncoding = 4; lastKnownFileType = sourcecode.c.objc; path = DHTAction.m; sourceTree = "<group>"; };
		21D7BD2C1B0732ED00C4C94F /* DHTPlan.h */ = {isa = PBXFileReference; fileEncoding = 4; lastKnownFileType = sourcecode.c.h; path = DHTPlan.h; sourceTree = "<group>"; };
		21D7BD2D1B0732ED00C4C94F /* DHTPlan.m */ = {isa = PBXFileReference; fileEncoding = 4; lastKnownFileType = sourcecode.c.objc; path = DHTPlan.m; sourceTree = "<group>"; };
		21D7BD2F1B0732ED00C4C94F /* DHTCheck.h */ = {isa = PBXFileReference; fileEncoding = 4; lastKnownFileType = sourcecode.c.h; path = DHTCheck.h; sourceTree = "<group>"; };
		21D7BD301B0732ED00C4C94F /* DHTCheck.m */ = {isa = PBXFileReference; fileEncoding = 4; lastKnownFileType = sourcecode.c.objc; path = DHTCheck.m; sourceTree = "<group>"; };
		21D7BD331B075EA600C4C94F /* DHTDoCell.h */ = {isa = PBXFileReference; fileEncoding = 4; lastKnownFileType = sourcecode.c.h; path = DHTDoCell.h; sourceTree = "<group>"; };
		21D7BD341B075EA600C4C94F /* DHTDoCell.m */ = {isa = PBXFileReference; fileEncoding = 4; lastKnownFileType = sourcecode.c.objc; path = DHTDoCell.m; sourceTree = "<group>"; };
		21D7BD371B0760AF00C4C94F /* UIView+Create.h */ = {isa = PBXFileReference; fileEncoding = 4; lastKnownFileType = sourcecode.c.h; path = "UIView+Create.h"; sourceTree = "<group>"; };
		21D7BD381B0760AF00C4C94F /* UIView+Create.m */ = {isa = PBXFileReference; fileEncoding = 4; lastKnownFileType = sourcecode.c.objc; path = "UIView+Create.m"; sourceTree = "<group>"; };
		21D7BD3A1B07762800C4C94F /* DHTPhoneTableViewCell.h */ = {isa = PBXFileReference; fileEncoding = 4; lastKnownFileType = sourcecode.c.h; path = DHTPhoneTableViewCell.h; sourceTree = "<group>"; };
		21D7BD3B1B07762800C4C94F /* DHTPhoneTableViewCell.m */ = {isa = PBXFileReference; fileEncoding = 4; lastKnownFileType = sourcecode.c.objc; path = DHTPhoneTableViewCell.m; sourceTree = "<group>"; };
		21E9278A1CFDDA8A00112E17 /* DHTPersistanceDatabasePool.h */ = {isa = PBXFileReference; fileEncoding = 4; lastKnownFileType = sourcecode.c.h; path = DHTPersistanceDatabasePool.h; sourceTree = "<group>"; };
		21E9278B1CFDDA8A00112E17 /* DHTPersistanceDatabasePool.m */ = {isa = PBXFileReference; fileEncoding = 4; lastKnownFileType = sourcecode.c.objc; path = DHTPersistanceDatabasePool.m; sourceTree = "<group>"; };
		21F926F31CFC1A8300D68072 /* DHTPersistanceDataBase.h */ = {isa = PBXFileReference; fileEncoding = 4; lastKnownFileType = sourcecode.c.h; path = DHTPersistanceDataBase.h; sourceTree = "<group>"; };
		21F926F41CFC1A8300D68072 /* DHTPersistanceDataBase.m */ = {isa = PBXFileReference; fileEncoding = 4; lastKnownFileType = sourcecode.c.objc; path = DHTPersistanceDataBase.m; sourceTree = "<group>"; };
		21F926F61CFC1D4A00D68072 /* libsqlite3.tbd */ = {isa = PBXFileReference; lastKnownFileType = "sourcecode.text-based-dylib-definition"; name = libsqlite3.tbd; path = usr/lib/libsqlite3.tbd; sourceTree = SDKROOT; };
		21F926FC1CFC1FC300D68072 /* DHTPersistanceConfiguration.h */ = {isa = PBXFileReference; lastKnownFileType = sourcecode.c.h; path = DHTPersistanceConfiguration.h; sourceTree = "<group>"; };
		21F999471CC4B1A9005CBF92 /* DHTLogger.h */ = {isa = PBXFileReference; fileEncoding = 4; lastKnownFileType = sourcecode.c.h; path = DHTLogger.h; sourceTree = "<group>"; };
		21F999481CC4B1A9005CBF92 /* DHTLogger.m */ = {isa = PBXFileReference; fileEncoding = 4; lastKnownFileType = sourcecode.c.objc; path = DHTLogger.m; sourceTree = "<group>"; };
		21F9994B1CC4B5E9005CBF92 /* NSMutableString+DHTNetworkingMethods.h */ = {isa = PBXFileReference; fileEncoding = 4; lastKnownFileType = sourcecode.c.h; path = "NSMutableString+DHTNetworkingMethods.h"; sourceTree = "<group>"; };
		21F9994C1CC4B5E9005CBF92 /* NSMutableString+DHTNetworkingMethods.m */ = {isa = PBXFileReference; fileEncoding = 4; lastKnownFileType = sourcecode.c.objc; path = "NSMutableString+DHTNetworkingMethods.m"; sourceTree = "<group>"; };
		21F9994E1CC4B722005CBF92 /* NSObject+DHTNetworkingMethods.h */ = {isa = PBXFileReference; fileEncoding = 4; lastKnownFileType = sourcecode.c.h; path = "NSObject+DHTNetworkingMethods.h"; sourceTree = "<group>"; };
		21F9994F1CC4B722005CBF92 /* NSObject+DHTNetworkingMethods.m */ = {isa = PBXFileReference; fileEncoding = 4; lastKnownFileType = sourcecode.c.objc; path = "NSObject+DHTNetworkingMethods.m"; sourceTree = "<group>"; };
		21F999511CC4C962005CBF92 /* DHTUpdatePlan.h */ = {isa = PBXFileReference; fileEncoding = 4; lastKnownFileType = sourcecode.c.h; path = DHTUpdatePlan.h; sourceTree = "<group>"; };
		21F999521CC4C962005CBF92 /* DHTUpdatePlan.m */ = {isa = PBXFileReference; fileEncoding = 4; lastKnownFileType = sourcecode.c.objc; path = DHTUpdatePlan.m; sourceTree = "<group>"; };
		21FF24F31CC0810000D405D2 /* DHTRequestGenerator.h */ = {isa = PBXFileReference; fileEncoding = 4; lastKnownFileType = sourcecode.c.h; path = DHTRequestGenerator.h; sourceTree = "<group>"; };
		21FF24F41CC0810000D405D2 /* DHTRequestGenerator.m */ = {isa = PBXFileReference; fileEncoding = 4; lastKnownFileType = sourcecode.c.objc; path = DHTRequestGenerator.m; sourceTree = "<group>"; };
		21FF24F91CC087F800D405D2 /* DHTNetworking.h */ = {isa = PBXFileReference; lastKnownFileType = sourcecode.c.h; path = DHTNetworking.h; sourceTree = "<group>"; };
		21FF24FA1CC0882500D405D2 /* DHTNetworkingConfiguration.h */ = {isa = PBXFileReference; lastKnownFileType = sourcecode.c.h; path = DHTNetworkingConfiguration.h; sourceTree = "<group>"; };
		21FF24FF1CC0898800D405D2 /* DHTService.h */ = {isa = PBXFileReference; fileEncoding = 4; lastKnownFileType = sourcecode.c.h; path = DHTService.h; sourceTree = "<group>"; };
		21FF25001CC0898800D405D2 /* DHTService.m */ = {isa = PBXFileReference; fileEncoding = 4; lastKnownFileType = sourcecode.c.objc; path = DHTService.m; sourceTree = "<group>"; };
		21FF25021CC08C2900D405D2 /* DHTServiceFactory.h */ = {isa = PBXFileReference; fileEncoding = 4; lastKnownFileType = sourcecode.c.h; path = DHTServiceFactory.h; sourceTree = "<group>"; };
		21FF25031CC08C2900D405D2 /* DHTServiceFactory.m */ = {isa = PBXFileReference; fileEncoding = 4; lastKnownFileType = sourcecode.c.objc; path = DHTServiceFactory.m; sourceTree = "<group>"; };
		21FF25081CC08FF400D405D2 /* DHTServicePlan.h */ = {isa = PBXFileReference; fileEncoding = 4; lastKnownFileType = sourcecode.c.h; path = DHTServicePlan.h; sourceTree = "<group>"; };
		21FF25091CC08FF400D405D2 /* DHTServicePlan.m */ = {isa = PBXFileReference; fileEncoding = 4; lastKnownFileType = sourcecode.c.objc; path = DHTServicePlan.m; sourceTree = "<group>"; };
		21FF250C1CC0C55400D405D2 /* DHTGetPlanManager.h */ = {isa = PBXFileReference; fileEncoding = 4; lastKnownFileType = sourcecode.c.h; path = DHTGetPlanManager.h; sourceTree = "<group>"; };
		21FF250D1CC0C55400D405D2 /* DHTGetPlanManager.m */ = {isa = PBXFileReference; fileEncoding = 4; lastKnownFileType = sourcecode.c.objc; path = DHTGetPlanManager.m; sourceTree = "<group>"; };
		C97F759027D4410946B84C3C /* libPods-EffetivePlan.a */ = {isa = PBXFileReference; explicitFileType = archive.ar; includeInIndex = 0; path = "libPods-EffetivePlan.a"; sourceTree = BUILT_PRODUCTS_DIR; };
		F7669C0EFF9EF3E15590258D /* Pods-EffetivePlan.release.xcconfig */ = {isa = PBXFileReference; includeInIndex = 1; lastKnownFileType = text.xcconfig; name = "Pods-EffetivePlan.release.xcconfig"; path = "Pods/Target Support Files/Pods-EffetivePlan/Pods-EffetivePlan.release.xcconfig"; sourceTree = "<group>"; };
/* End PBXFileReference section */

/* Begin PBXFrameworksBuildPhase section */
		213EE24C1AFE1134008FB47C /* Frameworks */ = {
			isa = PBXFrameworksBuildPhase;
			buildActionMask = 2147483647;
			files = (
				21F926F71CFC1D4A00D68072 /* libsqlite3.tbd in Frameworks */,
				5C489F920F94D938D2950240 /* libPods-EffetivePlan.a in Frameworks */,
			);
			runOnlyForDeploymentPostprocessing = 0;
		};
		213EE2651AFE1134008FB47C /* Frameworks */ = {
			isa = PBXFrameworksBuildPhase;
			buildActionMask = 2147483647;
			files = (
			);
			runOnlyForDeploymentPostprocessing = 0;
		};
/* End PBXFrameworksBuildPhase section */

/* Begin PBXGroup section */
		210DC4941CFED03A00D4EC36 /* SchemaManipulate */ = {
			isa = PBXGroup;
			children = (
				210DC4951CFED09100D4EC36 /* DHTPersistanceQueryCommand+SchemaManipulate.h */,
				210DC4961CFED09100D4EC36 /* DHTPersistanceQueryCommand+SchemaManipulate.m */,
			);
			name = SchemaManipulate;
			sourceTree = "<group>";
		};
		210DC49A1CFEEE2500D4EC36 /* DataManipulate */ = {
			isa = PBXGroup;
			children = (
				210DC49B1CFEEE7100D4EC36 /* DHTPersistanceQueryCommand+DataManipulate.h */,
				210DC49C1CFEEE7100D4EC36 /* DHTPersistanceQueryCommand+DataManipulate.m */,
			);
			name = DataManipulate;
			sourceTree = "<group>";
		};
		210DC49E1CFFDDDA00D4EC36 /* Find */ = {
			isa = PBXGroup;
			children = (
				210DC49F1D00072A00D4EC36 /* DHTPersistanceTable+Find.h */,
				210DC4A01D00072A00D4EC36 /* DHTPersistanceTable+Find.m */,
			);
			name = Find;
			sourceTree = "<group>";
		};
		210DC4A21D00094600D4EC36 /* Criteria */ = {
			isa = PBXGroup;
			children = (
				210DC4A31D00097200D4EC36 /* DHTPersistanceCriteria.h */,
				210DC4A41D00097200D4EC36 /* DHTPersistanceCriteria.m */,
			);
			name = Criteria;
			sourceTree = "<group>";
		};
		210DC4A61D000B5300D4EC36 /* ReadingManipulate */ = {
			isa = PBXGroup;
			children = (
				210DC4A71D000B8D00D4EC36 /* DHTPersistanceQueryCommand+ReadingManipulate.h */,
				210DC4A81D000B8D00D4EC36 /* DHTPersistanceQueryCommand+ReadingManipulate.m */,
			);
			name = ReadingManipulate;
			sourceTree = "<group>";
		};
		210DC4AA1D00131100D4EC36 /* Categories */ = {
			isa = PBXGroup;
			children = (
				210DC4AB1D00135000D4EC36 /* NSArray+DHTPersistanceRecordTransform.h */,
				210DC4AC1D00135000D4EC36 /* NSArray+DHTPersistanceRecordTransform.m */,
			);
			name = Categories;
			sourceTree = "<group>";
		};
		211A46B31CE8772B00FDE13A /* DHTMediator */ = {
			isa = PBXGroup;
			children = (
				211A46B71CE89F6400FDE13A /* Categories */,
				211A46B41CE8775500FDE13A /* DHTMediator.h */,
				211A46B51CE8775500FDE13A /* DHTMediator.m */,
			);
			name = DHTMediator;
			sourceTree = "<group>";
		};
		211A46B71CE89F6400FDE13A /* Categories */ = {
			isa = PBXGroup;
			children = (
				211A46B81CE89F7700FDE13A /* Plan */,
			);
			name = Categories;
			sourceTree = "<group>";
		};
		211A46B81CE89F7700FDE13A /* Plan */ = {
			isa = PBXGroup;
			children = (
				211A46B91CE89FB700FDE13A /* DHTMediator+DHTMediatorPlanActions.h */,
				211A46BA1CE89FB700FDE13A /* DHTMediator+DHTMediatorPlanActions.m */,
			);
			name = Plan;
			sourceTree = "<group>";
		};
		211A46BC1CE8A1B900FDE13A /* Actions */ = {
			isa = PBXGroup;
			children = (
				211A46BD1CE8A1DC00FDE13A /* Target_Plan.h */,
				211A46BE1CE8A1DC00FDE13A /* Target_Plan.m */,
			);
			name = Actions;
			sourceTree = "<group>";
		};
		21269A7F1B173D2500B43227 /* Networking */ = {
			isa = PBXGroup;
			children = (
				21F9994A1CC4B5AA005CBF92 /* Categories */,
				21F999461CC4B168005CBF92 /* Components */,
				21FF24FB1CC0894F00D405D2 /* Services */,
				21FF24F21CC0809F00D405D2 /* Assistants */,
				21C73C501CBFDE5C00C6E25F /* DHTAPIBaseManager.h */,
				21C73C511CBFDE5C00C6E25F /* DHTAPIBaseManager.m */,
				21C73C531CBFE5CC00C6E25F /* DHTApiProxy.h */,
				21C73C541CBFE5CC00C6E25F /* DHTApiProxy.m */,
				21C73C561CBFE7DC00C6E25F /* DHTURLResponse.h */,
				21C73C571CBFE7DC00C6E25F /* DHTURLResponse.m */,
				21FF24F91CC087F800D405D2 /* DHTNetworking.h */,
				21FF24FA1CC0882500D405D2 /* DHTNetworkingConfiguration.h */,
			);
			name = Networking;
			sourceTree = "<group>";
		};
		213EE2461AFE1134008FB47C = {
			isa = PBXGroup;
			children = (
				213EE2511AFE1134008FB47C /* EffetivePlan */,
				213EE26B1AFE1134008FB47C /* EffetivePlanTests */,
				213EE2501AFE1134008FB47C /* Products */,
				C2C0898AC45E6CD776409958 /* Frameworks */,
				78342C23DEE79A608EB47807 /* Pods */,
			);
			sourceTree = "<group>";
		};
		213EE2501AFE1134008FB47C /* Products */ = {
			isa = PBXGroup;
			children = (
				213EE24F1AFE1134008FB47C /* EffetivePlan.app */,
				213EE2681AFE1134008FB47C /* EffetivePlanTests.xctest */,
			);
			name = Products;
			sourceTree = "<group>";
		};
		213EE2511AFE1134008FB47C /* EffetivePlan */ = {
			isa = PBXGroup;
			children = (
				21F926F21CFC1A1000D68072 /* DHTPersistance */,
				211A46B31CE8772B00FDE13A /* DHTMediator */,
				21FF25051CC08FB200D405D2 /* src */,
				21269A7F1B173D2500B43227 /* Networking */,
				21D7BD361B07600E00C4C94F /* Categories */,
				21D7BD321B07365700C4C94F /* Base */,
				213EE27B1AFE13CE008FB47C /* Store */,
				213EE27A1AFE13B3008FB47C /* Controller */,
				213EE2791AFE13A7008FB47C /* View */,
				213EE2781AFE1392008FB47C /* Model */,
				213EE2561AFE1134008FB47C /* AppDelegate.h */,
				213EE2571AFE1134008FB47C /* AppDelegate.m */,
				213EE2591AFE1134008FB47C /* ViewController.h */,
				213EE25A1AFE1134008FB47C /* ViewController.m */,
				213EE25C1AFE1134008FB47C /* Main.storyboard */,
				213EE25F1AFE1134008FB47C /* Images.xcassets */,
				213EE2611AFE1134008FB47C /* LaunchScreen.xib */,
				213EE2521AFE1134008FB47C /* Supporting Files */,
			);
			path = EffetivePlan;
			sourceTree = "<group>";
		};
		213EE2521AFE1134008FB47C /* Supporting Files */ = {
			isa = PBXGroup;
			children = (
				213EE2531AFE1134008FB47C /* Info.plist */,
				213EE2541AFE1134008FB47C /* main.m */,
				213EE2D81AFF8D4A008FB47C /* EffectivePlan.xcdatamodeld */,
				219091D21CFF3AED00D59F97 /* EffectivePlan-prefix.pch */,
			);
			name = "Supporting Files";
			sourceTree = "<group>";
		};
		213EE26B1AFE1134008FB47C /* EffetivePlanTests */ = {
			isa = PBXGroup;
			children = (
				213EE26E1AFE1134008FB47C /* EffetivePlanTests.m */,
				213EE26C1AFE1134008FB47C /* Supporting Files */,
			);
			path = EffetivePlanTests;
			sourceTree = "<group>";
		};
		213EE26C1AFE1134008FB47C /* Supporting Files */ = {
			isa = PBXGroup;
			children = (
				213EE26D1AFE1134008FB47C /* Info.plist */,
			);
			name = "Supporting Files";
			sourceTree = "<group>";
		};
		213EE2781AFE1392008FB47C /* Model */ = {
			isa = PBXGroup;
			children = (
				21D7BD2F1B0732ED00C4C94F /* DHTCheck.h */,
				21D7BD301B0732ED00C4C94F /* DHTCheck.m */,
				21D7BD2C1B0732ED00C4C94F /* DHTPlan.h */,
				21D7BD2D1B0732ED00C4C94F /* DHTPlan.m */,
				21D7BD291B0732ED00C4C94F /* DHTAction.h */,
				21D7BD2A1B0732ED00C4C94F /* DHTAction.m */,
				21D7BD261B0732EC00C4C94F /* DHTDo.h */,
				21D7BD271B0732EC00C4C94F /* DHTDo.m */,
			);
			name = Model;
			sourceTree = "<group>";
		};
		213EE2791AFE13A7008FB47C /* View */ = {
			isa = PBXGroup;
			children = (
				213EE2EC1B00DDD2008FB47C /* DHTAddPlanView.h */,
				213EE2ED1B00DDD2008FB47C /* DHTAddPlanView.m */,
				21D7BD331B075EA600C4C94F /* DHTDoCell.h */,
				21D7BD341B075EA600C4C94F /* DHTDoCell.m */,
			);
			name = View;
			sourceTree = "<group>";
		};
		213EE27A1AFE13B3008FB47C /* Controller */ = {
			isa = PBXGroup;
			children = (
				213EE28E1AFE556B008FB47C /* DHTDoViewController.h */,
				213EE28F1AFE556B008FB47C /* DHTDoViewController.m */,
				213EE2911AFE559A008FB47C /* DHTCheckViewController.h */,
				213EE2921AFE559A008FB47C /* DHTCheckViewController.m */,
				213EE2941AFE55AF008FB47C /* DHTActionViewController.h */,
				213EE2951AFE55AF008FB47C /* DHTActionViewController.m */,
				214982551B0B92CD00FB032B /* DHTAddDoViewController.h */,
				214982561B0B92CD00FB032B /* DHTAddDoViewController.m */,
				21269A4A1B13694F00B43227 /* DHTAddCheckViewController.h */,
				21269A4B1B13694F00B43227 /* DHTAddCheckViewController.m */,
			);
			name = Controller;
			sourceTree = "<group>";
		};
		213EE27B1AFE13CE008FB47C /* Store */ = {
			isa = PBXGroup;
			children = (
				213EE2971AFE55EE008FB47C /* DHTPlanStore.h */,
				213EE2981AFE55EE008FB47C /* DHTPlanStore.m */,
			);
			name = Store;
			sourceTree = "<group>";
		};
		215974D91CFC7430004C62C7 /* Table */ = {
			isa = PBXGroup;
			children = (
				210DC49E1CFFDDDA00D4EC36 /* Find */,
				219091BF1CFF32CB00D59F97 /* Insert */,
				215974DA1CFC744A004C62C7 /* DHTPersistanceTable.h */,
				215974DB1CFC744A004C62C7 /* DHTPersistanceTable.m */,
			);
			name = Table;
			sourceTree = "<group>";
		};
		215974DD1CFDB873004C62C7 /* QueryCommand */ = {
			isa = PBXGroup;
			children = (
				210DC4A61D000B5300D4EC36 /* ReadingManipulate */,
				210DC49A1CFEEE2500D4EC36 /* DataManipulate */,
				210DC4941CFED03A00D4EC36 /* SchemaManipulate */,
				215974DE1CFDBB8A004C62C7 /* DHTPersistanceQueryCommand.h */,
				215974DF1CFDBB8A004C62C7 /* DHTPersistanceQueryCommand.m */,
			);
			name = QueryCommand;
			sourceTree = "<group>";
		};
		215974E11CFDBED4004C62C7 /* DataBase */ = {
			isa = PBXGroup;
			children = (
				21F926F31CFC1A8300D68072 /* DHTPersistanceDataBase.h */,
				21F926F41CFC1A8300D68072 /* DHTPersistanceDataBase.m */,
				21E9278A1CFDDA8A00112E17 /* DHTPersistanceDatabasePool.h */,
				21E9278B1CFDDA8A00112E17 /* DHTPersistanceDatabasePool.m */,
			);
			name = DataBase;
			sourceTree = "<group>";
		};
		219091BF1CFF32CB00D59F97 /* Insert */ = {
			isa = PBXGroup;
			children = (
				219091C01CFF32FA00D59F97 /* DHTPersistanceTable+Insert.h */,
				219091C11CFF32FA00D59F97 /* DHTPersistanceTable+Insert.m */,
			);
			name = Insert;
			sourceTree = "<group>";
		};
		219091C31CFF337400D59F97 /* Record */ = {
			isa = PBXGroup;
			children = (
				219091C51CFF33F400D59F97 /* DHTPersistanceRecordProtocol.h */,
			);
			name = Record;
			sourceTree = "<group>";
		};
		219091C71CFF37A500D59F97 /* DataCenter */ = {
			isa = PBXGroup;
			children = (
				219091D31CFF402000D59F97 /* Record */,
				219091CB1CFF381F00D59F97 /* Tables */,
				219091C81CFF37CA00D59F97 /* DHTPlanDataCenter.h */,
				219091C91CFF37CA00D59F97 /* DHTPlanDataCenter.m */,
			);
			name = DataCenter;
			sourceTree = "<group>";
		};
		219091CB1CFF381F00D59F97 /* Tables */ = {
			isa = PBXGroup;
			children = (
				219091CC1CFF385800D59F97 /* DHTPlanTable.h */,
				219091CD1CFF385800D59F97 /* DHTPlanTable.m */,
			);
			name = Tables;
			sourceTree = "<group>";
		};
		219091D31CFF402000D59F97 /* Record */ = {
			isa = PBXGroup;
			children = (
				219091D41CFF403A00D59F97 /* DHTPlanRecord.h */,
				219091D51CFF403A00D59F97 /* DHTPlanRecord.m */,
			);
			name = Record;
			sourceTree = "<group>";
		};
		21C73C591CC21BC900C6E25F /* Reformers */ = {
			isa = PBXGroup;
			children = (
				21C73C5A1CC21CF900C6E25F /* DHTPlanListReformer.h */,
				21C73C5B1CC21CF900C6E25F /* DHTPlanListReformer.m */,
				211A46C21CF1AF7B00FDE13A /* DHTPlanListReformerKeys.h */,
			);
			name = Reformers;
			sourceTree = "<group>";
		};
		21C73C5F1CC291D400C6E25F /* Views */ = {
			isa = PBXGroup;
			children = (
				213EE2E71AFF95C0008FB47C /* DHTPlanCell.h */,
				213EE2E81AFF95C0008FB47C /* DHTPlanCell.m */,
				213EE2E91AFF95C0008FB47C /* DHTPlanCell.xib */,
			);
			name = Views;
			sourceTree = "<group>";
		};
		21D7BD321B07365700C4C94F /* Base */ = {
			isa = PBXGroup;
			children = (
				21D7BD3A1B07762800C4C94F /* DHTPhoneTableViewCell.h */,
				21D7BD3B1B07762800C4C94F /* DHTPhoneTableViewCell.m */,
				21C73C5E1CC28C8F00C6E25F /* APPMacro.h */,
				219091DF1D02C33B00D59F97 /* APPHeader.h */,
				219091E01D02C4D200D59F97 /* DHTNavigationControllerDelegate.h */,
				219091E11D02C4D200D59F97 /* DHTNavigationControllerDelegate.m */,
			);
			name = Base;
			sourceTree = "<group>";
		};
		21D7BD361B07600E00C4C94F /* Categories */ = {
			isa = PBXGroup;
			children = (
				21D7BD371B0760AF00C4C94F /* UIView+Create.h */,
				21D7BD381B0760AF00C4C94F /* UIView+Create.m */,
				212747DC1D01727D00BB87E5 /* NSObjectSafe.h */,
				212747DD1D01727D00BB87E5 /* NSObjectSafe.m */,
				219091DC1D02BB3600D59F97 /* UIViewController+Base.h */,
				219091DD1D02BB3600D59F97 /* UIViewController+Base.m */,
			);
			name = Categories;
			sourceTree = "<group>";
		};
		21F926F21CFC1A1000D68072 /* DHTPersistance */ = {
			isa = PBXGroup;
			children = (
				210DC4AA1D00131100D4EC36 /* Categories */,
				210DC4A21D00094600D4EC36 /* Criteria */,
				219091C31CFF337400D59F97 /* Record */,
				215974E11CFDBED4004C62C7 /* DataBase */,
				215974DD1CFDB873004C62C7 /* QueryCommand */,
				215974D91CFC7430004C62C7 /* Table */,
				21F926FC1CFC1FC300D68072 /* DHTPersistanceConfiguration.h */,
				210DC4991CFEECED00D4EC36 /* DHTPersistance.h */,
			);
			name = DHTPersistance;
			sourceTree = "<group>";
		};
		21F999461CC4B168005CBF92 /* Components */ = {
			isa = PBXGroup;
			children = (
				21F999471CC4B1A9005CBF92 /* DHTLogger.h */,
				21F999481CC4B1A9005CBF92 /* DHTLogger.m */,
			);
			name = Components;
			sourceTree = "<group>";
		};
		21F9994A1CC4B5AA005CBF92 /* Categories */ = {
			isa = PBXGroup;
			children = (
				21F9994B1CC4B5E9005CBF92 /* NSMutableString+DHTNetworkingMethods.h */,
				21F9994C1CC4B5E9005CBF92 /* NSMutableString+DHTNetworkingMethods.m */,
				21F9994E1CC4B722005CBF92 /* NSObject+DHTNetworkingMethods.h */,
				21F9994F1CC4B722005CBF92 /* NSObject+DHTNetworkingMethods.m */,
			);
			name = Categories;
			sourceTree = "<group>";
		};
		21FF24F21CC0809F00D405D2 /* Assistants */ = {
			isa = PBXGroup;
			children = (
				21FF24F31CC0810000D405D2 /* DHTRequestGenerator.h */,
				21FF24F41CC0810000D405D2 /* DHTRequestGenerator.m */,
			);
			name = Assistants;
			sourceTree = "<group>";
		};
		21FF24FB1CC0894F00D405D2 /* Services */ = {
			isa = PBXGroup;
			children = (
				21FF24FF1CC0898800D405D2 /* DHTService.h */,
				21FF25001CC0898800D405D2 /* DHTService.m */,
				21FF25021CC08C2900D405D2 /* DHTServiceFactory.h */,
				21FF25031CC08C2900D405D2 /* DHTServiceFactory.m */,
			);
			name = Services;
			sourceTree = "<group>";
		};
		21FF25051CC08FB200D405D2 /* src */ = {
			isa = PBXGroup;
			children = (
				21FF25061CC08FC000D405D2 /* Plan */,
			);
			name = src;
			sourceTree = "<group>";
		};
		21FF25061CC08FC000D405D2 /* Plan */ = {
			isa = PBXGroup;
			children = (
				219091C71CFF37A500D59F97 /* DataCenter */,
				211A46BC1CE8A1B900FDE13A /* Actions */,
				21C73C5F1CC291D400C6E25F /* Views */,
				21C73C591CC21BC900C6E25F /* Reformers */,
				21FF250F1CC0CB2900D405D2 /* Controllers */,
				21FF250B1CC0C4C800D405D2 /* Managers */,
				21FF25071CC08FCB00D405D2 /* Services */,
			);
			name = Plan;
			sourceTree = "<group>";
		};
		21FF25071CC08FCB00D405D2 /* Services */ = {
			isa = PBXGroup;
			children = (
				21FF25081CC08FF400D405D2 /* DHTServicePlan.h */,
				21FF25091CC08FF400D405D2 /* DHTServicePlan.m */,
			);
			name = Services;
			sourceTree = "<group>";
		};
		21FF250B1CC0C4C800D405D2 /* Managers */ = {
			isa = PBXGroup;
			children = (
				21FF250C1CC0C55400D405D2 /* DHTGetPlanManager.h */,
				21FF250D1CC0C55400D405D2 /* DHTGetPlanManager.m */,
				21F999511CC4C962005CBF92 /* DHTUpdatePlan.h */,
				21F999521CC4C962005CBF92 /* DHTUpdatePlan.m */,
			);
			name = Managers;
			sourceTree = "<group>";
		};
		21FF250F1CC0CB2900D405D2 /* Controllers */ = {
			isa = PBXGroup;
			children = (
				213EE28B1AFE5554008FB47C /* DHTPlanViewController.h */,
				211A46C01CF1AA6900FDE13A /* DHTPlanViewController.m */,
				219091D71D029FCA00D59F97 /* DHTManipulatePlanViewController.h */,
				219091D81D029FCA00D59F97 /* DHTManipulatePlanViewController.m */,
				219091D91D029FCA00D59F97 /* DHTManipulatePlanViewController.xib */,
			);
			name = Controllers;
			sourceTree = "<group>";
		};
		78342C23DEE79A608EB47807 /* Pods */ = {
			isa = PBXGroup;
			children = (
				21A932DB91A990A8E2B848D4 /* Pods-EffetivePlan.debug.xcconfig */,
				F7669C0EFF9EF3E15590258D /* Pods-EffetivePlan.release.xcconfig */,
			);
			name = Pods;
			sourceTree = "<group>";
		};
		C2C0898AC45E6CD776409958 /* Frameworks */ = {
			isa = PBXGroup;
			children = (
				21F926F61CFC1D4A00D68072 /* libsqlite3.tbd */,
				C97F759027D4410946B84C3C /* libPods-EffetivePlan.a */,
			);
			name = Frameworks;
			sourceTree = "<group>";
		};
/* End PBXGroup section */

/* Begin PBXNativeTarget section */
		213EE24E1AFE1134008FB47C /* EffetivePlan */ = {
			isa = PBXNativeTarget;
			buildConfigurationList = 213EE2721AFE1134008FB47C /* Build configuration list for PBXNativeTarget "EffetivePlan" */;
			buildPhases = (
				61F3CF7F951DBCBD9F03B0D8 /* [CP] Check Pods Manifest.lock */,
				213EE24B1AFE1134008FB47C /* Sources */,
				213EE24C1AFE1134008FB47C /* Frameworks */,
				213EE24D1AFE1134008FB47C /* Resources */,
				14421D28B03018D33F08E44B /* [CP] Embed Pods Frameworks */,
				C62A636C23213F792A6E7729 /* [CP] Copy Pods Resources */,
			);
			buildRules = (
			);
			dependencies = (
			);
			name = EffetivePlan;
			productName = EffetivePlan;
			productReference = 213EE24F1AFE1134008FB47C /* EffetivePlan.app */;
			productType = "com.apple.product-type.application";
		};
		213EE2671AFE1134008FB47C /* EffetivePlanTests */ = {
			isa = PBXNativeTarget;
			buildConfigurationList = 213EE2751AFE1134008FB47C /* Build configuration list for PBXNativeTarget "EffetivePlanTests" */;
			buildPhases = (
				213EE2641AFE1134008FB47C /* Sources */,
				213EE2651AFE1134008FB47C /* Frameworks */,
				213EE2661AFE1134008FB47C /* Resources */,
			);
			buildRules = (
			);
			dependencies = (
				213EE26A1AFE1134008FB47C /* PBXTargetDependency */,
			);
			name = EffetivePlanTests;
			productName = EffetivePlanTests;
			productReference = 213EE2681AFE1134008FB47C /* EffetivePlanTests.xctest */;
			productType = "com.apple.product-type.bundle.unit-test";
		};
/* End PBXNativeTarget section */

/* Begin PBXProject section */
		213EE2471AFE1134008FB47C /* Project object */ = {
			isa = PBXProject;
			attributes = {
				LastUpgradeCheck = 0630;
				ORGANIZATIONNAME = happyo;
				TargetAttributes = {
					213EE24E1AFE1134008FB47C = {
						CreatedOnToolsVersion = 6.3.1;
					};
					213EE2671AFE1134008FB47C = {
						CreatedOnToolsVersion = 6.3.1;
						TestTargetID = 213EE24E1AFE1134008FB47C;
					};
				};
			};
			buildConfigurationList = 213EE24A1AFE1134008FB47C /* Build configuration list for PBXProject "EffetivePlan" */;
			compatibilityVersion = "Xcode 3.2";
			developmentRegion = English;
			hasScannedForEncodings = 0;
			knownRegions = (
				en,
				Base,
			);
			mainGroup = 213EE2461AFE1134008FB47C;
			productRefGroup = 213EE2501AFE1134008FB47C /* Products */;
			projectDirPath = "";
			projectRoot = "";
			targets = (
				213EE24E1AFE1134008FB47C /* EffetivePlan */,
				213EE2671AFE1134008FB47C /* EffetivePlanTests */,
			);
		};
/* End PBXProject section */

/* Begin PBXResourcesBuildPhase section */
		213EE24D1AFE1134008FB47C /* Resources */ = {
			isa = PBXResourcesBuildPhase;
			buildActionMask = 2147483647;
			files = (
				213EE25E1AFE1134008FB47C /* Main.storyboard in Resources */,
				213EE2631AFE1134008FB47C /* LaunchScreen.xib in Resources */,
				219091DB1D029FCA00D59F97 /* DHTManipulatePlanViewController.xib in Resources */,
				213EE2601AFE1134008FB47C /* Images.xcassets in Resources */,
				213EE2EB1AFF95C0008FB47C /* DHTPlanCell.xib in Resources */,
			);
			runOnlyForDeploymentPostprocessing = 0;
		};
		213EE2661AFE1134008FB47C /* Resources */ = {
			isa = PBXResourcesBuildPhase;
			buildActionMask = 2147483647;
			files = (
			);
			runOnlyForDeploymentPostprocessing = 0;
		};
/* End PBXResourcesBuildPhase section */

/* Begin PBXShellScriptBuildPhase section */
		14421D28B03018D33F08E44B /* [CP] Embed Pods Frameworks */ = {
			isa = PBXShellScriptBuildPhase;
			buildActionMask = 2147483647;
			files = (
			);
			inputPaths = (
			);
			name = "[CP] Embed Pods Frameworks";
			outputPaths = (
			);
			runOnlyForDeploymentPostprocessing = 0;
			shellPath = /bin/sh;
			shellScript = "\"${SRCROOT}/Pods/Target Support Files/Pods-EffetivePlan/Pods-EffetivePlan-frameworks.sh\"\n";
			showEnvVarsInLog = 0;
		};
		61F3CF7F951DBCBD9F03B0D8 /* [CP] Check Pods Manifest.lock */ = {
			isa = PBXShellScriptBuildPhase;
			buildActionMask = 2147483647;
			files = (
			);
			inputPaths = (
			);
			name = "[CP] Check Pods Manifest.lock";
			outputPaths = (
			);
			runOnlyForDeploymentPostprocessing = 0;
			shellPath = /bin/sh;
			shellScript = "diff \"${PODS_ROOT}/../Podfile.lock\" \"${PODS_ROOT}/Manifest.lock\" > /dev/null\nif [[ $? != 0 ]] ; then\n    cat << EOM\nerror: The sandbox is not in sync with the Podfile.lock. Run 'pod install' or update your CocoaPods installation.\nEOM\n    exit 1\nfi\n";
			showEnvVarsInLog = 0;
		};
		C62A636C23213F792A6E7729 /* [CP] Copy Pods Resources */ = {
			isa = PBXShellScriptBuildPhase;
			buildActionMask = 2147483647;
			files = (
			);
			inputPaths = (
			);
			name = "[CP] Copy Pods Resources";
			outputPaths = (
			);
			runOnlyForDeploymentPostprocessing = 0;
			shellPath = /bin/sh;
			shellScript = "\"${SRCROOT}/Pods/Target Support Files/Pods-EffetivePlan/Pods-EffetivePlan-resources.sh\"\n";
			showEnvVarsInLog = 0;
		};
/* End PBXShellScriptBuildPhase section */

/* Begin PBXSourcesBuildPhase section */
		213EE24B1AFE1134008FB47C /* Sources */ = {
			isa = PBXSourcesBuildPhase;
			buildActionMask = 2147483647;
			files = (
				211A46C11CF1AA6900FDE13A /* DHTPlanViewController.m in Sources */,
				21E9278C1CFDDA8A00112E17 /* DHTPersistanceDatabasePool.m in Sources */,
				213EE2931AFE559A008FB47C /* DHTCheckViewController.m in Sources */,
				21D7BD2B1B0732ED00C4C94F /* DHTAction.m in Sources */,
				21D7BD281B0732EC00C4C94F /* DHTDo.m in Sources */,
				21D7BD391B0760AF00C4C94F /* UIView+Create.m in Sources */,
				213EE2901AFE556B008FB47C /* DHTDoViewController.m in Sources */,
				210DC4971CFED09100D4EC36 /* DHTPersistanceQueryCommand+SchemaManipulate.m in Sources */,
				210DC4A91D000B8D00D4EC36 /* DHTPersistanceQueryCommand+ReadingManipulate.m in Sources */,
				210DC4AD1D00135000D4EC36 /* NSArray+DHTPersistanceRecordTransform.m in Sources */,
				211A46B61CE8775500FDE13A /* DHTMediator.m in Sources */,
				219091C21CFF32FA00D59F97 /* DHTPersistanceTable+Insert.m in Sources */,
				210DC4A11D00072A00D4EC36 /* DHTPersistanceTable+Find.m in Sources */,
				210DC49D1CFEEE7100D4EC36 /* DHTPersistanceQueryCommand+DataManipulate.m in Sources */,
				213EE2EA1AFF95C0008FB47C /* DHTPlanCell.m in Sources */,
				21F926F51CFC1A8300D68072 /* DHTPersistanceDataBase.m in Sources */,
				21FF24F51CC0810000D405D2 /* DHTRequestGenerator.m in Sources */,
				21FF250A1CC08FF400D405D2 /* DHTServicePlan.m in Sources */,
				213EE25B1AFE1134008FB47C /* ViewController.m in Sources */,
				219091DE1D02BB3600D59F97 /* UIViewController+Base.m in Sources */,
				213EE2961AFE55AF008FB47C /* DHTActionViewController.m in Sources */,
				21F999491CC4B1A9005CBF92 /* DHTLogger.m in Sources */,
				21F999531CC4C962005CBF92 /* DHTUpdatePlan.m in Sources */,
				21F9994D1CC4B5E9005CBF92 /* NSMutableString+DHTNetworkingMethods.m in Sources */,
				210DC4A51D00097200D4EC36 /* DHTPersistanceCriteria.m in Sources */,
				213EE2581AFE1134008FB47C /* AppDelegate.m in Sources */,
				213EE2551AFE1134008FB47C /* main.m in Sources */,
				219091CA1CFF37CA00D59F97 /* DHTPlanDataCenter.m in Sources */,
				21C73C581CBFE7DC00C6E25F /* DHTURLResponse.m in Sources */,
				21F999501CC4B722005CBF92 /* NSObject+DHTNetworkingMethods.m in Sources */,
				219091E21D02C4D200D59F97 /* DHTNavigationControllerDelegate.m in Sources */,
				219091CE1CFF385800D59F97 /* DHTPlanTable.m in Sources */,
				21C73C551CBFE5CC00C6E25F /* DHTApiProxy.m in Sources */,
				213EE2EE1B00DDD2008FB47C /* DHTAddPlanView.m in Sources */,
				21FF25011CC0898800D405D2 /* DHTService.m in Sources */,
				214982571B0B92CD00FB032B /* DHTAddDoViewController.m in Sources */,
				21C73C521CBFDE5C00C6E25F /* DHTAPIBaseManager.m in Sources */,
				21269A4C1B13694F00B43227 /* DHTAddCheckViewController.m in Sources */,
				21D7BD311B0732ED00C4C94F /* DHTCheck.m in Sources */,
				211A46BB1CE89FB700FDE13A /* DHTMediator+DHTMediatorPlanActions.m in Sources */,
				219091D61CFF403A00D59F97 /* DHTPlanRecord.m in Sources */,
				213EE2DA1AFF8D4A008FB47C /* EffectivePlan.xcdatamodeld in Sources */,
				21C73C5C1CC21CF900C6E25F /* DHTPlanListReformer.m in Sources */,
				21D7BD351B075EA600C4C94F /* DHTDoCell.m in Sources */,
				215974DC1CFC744A004C62C7 /* DHTPersistanceTable.m in Sources */,
				215974E01CFDBB8A004C62C7 /* DHTPersistanceQueryCommand.m in Sources */,
				21FF250E1CC0C55400D405D2 /* DHTGetPlanManager.m in Sources */,
				211A46BF1CE8A1DC00FDE13A /* Target_Plan.m in Sources */,
				212747DE1D01727D00BB87E5 /* NSObjectSafe.m in Sources */,
				213EE2991AFE55EE008FB47C /* DHTPlanStore.m in Sources */,
				21D7BD2E1B0732ED00C4C94F /* DHTPlan.m in Sources */,
				21D7BD3C1B07762800C4C94F /* DHTPhoneTableViewCell.m in Sources */,
				219091DA1D029FCA00D59F97 /* DHTManipulatePlanViewController.m in Sources */,
				21FF25041CC08C2900D405D2 /* DHTServiceFactory.m in Sources */,
			);
			runOnlyForDeploymentPostprocessing = 0;
		};
		213EE2641AFE1134008FB47C /* Sources */ = {
			isa = PBXSourcesBuildPhase;
			buildActionMask = 2147483647;
			files = (
				213EE26F1AFE1134008FB47C /* EffetivePlanTests.m in Sources */,
			);
			runOnlyForDeploymentPostprocessing = 0;
		};
/* End PBXSourcesBuildPhase section */

/* Begin PBXTargetDependency section */
		213EE26A1AFE1134008FB47C /* PBXTargetDependency */ = {
			isa = PBXTargetDependency;
			target = 213EE24E1AFE1134008FB47C /* EffetivePlan */;
			targetProxy = 213EE2691AFE1134008FB47C /* PBXContainerItemProxy */;
		};
/* End PBXTargetDependency section */

/* Begin PBXVariantGroup section */
		213EE25C1AFE1134008FB47C /* Main.storyboard */ = {
			isa = PBXVariantGroup;
			children = (
				213EE25D1AFE1134008FB47C /* Base */,
			);
			name = Main.storyboard;
			sourceTree = "<group>";
		};
		213EE2611AFE1134008FB47C /* LaunchScreen.xib */ = {
			isa = PBXVariantGroup;
			children = (
				213EE2621AFE1134008FB47C /* Base */,
			);
			name = LaunchScreen.xib;
			sourceTree = "<group>";
		};
/* End PBXVariantGroup section */

/* Begin XCBuildConfiguration section */
		213EE2701AFE1134008FB47C /* Debug */ = {
			isa = XCBuildConfiguration;
			buildSettings = {
				ALWAYS_SEARCH_USER_PATHS = NO;
				CLANG_CXX_LANGUAGE_STANDARD = "gnu++0x";
				CLANG_CXX_LIBRARY = "libc++";
				CLANG_ENABLE_MODULES = YES;
				CLANG_ENABLE_OBJC_ARC = YES;
				CLANG_WARN_BOOL_CONVERSION = YES;
				CLANG_WARN_CONSTANT_CONVERSION = YES;
				CLANG_WARN_DIRECT_OBJC_ISA_USAGE = YES_ERROR;
				CLANG_WARN_EMPTY_BODY = YES;
				CLANG_WARN_ENUM_CONVERSION = YES;
				CLANG_WARN_INT_CONVERSION = YES;
				CLANG_WARN_OBJC_ROOT_CLASS = YES_ERROR;
				CLANG_WARN_UNREACHABLE_CODE = YES;
				CLANG_WARN__DUPLICATE_METHOD_MATCH = YES;
				"CODE_SIGN_IDENTITY[sdk=iphoneos*]" = "iPhone Developer";
				COPY_PHASE_STRIP = NO;
				DEBUG_INFORMATION_FORMAT = "dwarf-with-dsym";
				ENABLE_STRICT_OBJC_MSGSEND = YES;
				GCC_C_LANGUAGE_STANDARD = gnu99;
				GCC_DYNAMIC_NO_PIC = NO;
				GCC_NO_COMMON_BLOCKS = YES;
				GCC_OPTIMIZATION_LEVEL = 0;
				GCC_PREPROCESSOR_DEFINITIONS = (
					"DEBUG=1",
					"$(inherited)",
				);
				GCC_SYMBOLS_PRIVATE_EXTERN = NO;
				GCC_WARN_64_TO_32_BIT_CONVERSION = YES;
				GCC_WARN_ABOUT_RETURN_TYPE = YES_ERROR;
				GCC_WARN_UNDECLARED_SELECTOR = YES;
				GCC_WARN_UNINITIALIZED_AUTOS = YES_AGGRESSIVE;
				GCC_WARN_UNUSED_FUNCTION = YES;
				GCC_WARN_UNUSED_VARIABLE = YES;
				IPHONEOS_DEPLOYMENT_TARGET = 8.3;
				MTL_ENABLE_DEBUG_INFO = YES;
				ONLY_ACTIVE_ARCH = YES;
				SDKROOT = iphoneos;
				TARGETED_DEVICE_FAMILY = "1,2";
			};
			name = Debug;
		};
		213EE2711AFE1134008FB47C /* Release */ = {
			isa = XCBuildConfiguration;
			buildSettings = {
				ALWAYS_SEARCH_USER_PATHS = NO;
				CLANG_CXX_LANGUAGE_STANDARD = "gnu++0x";
				CLANG_CXX_LIBRARY = "libc++";
				CLANG_ENABLE_MODULES = YES;
				CLANG_ENABLE_OBJC_ARC = YES;
				CLANG_WARN_BOOL_CONVERSION = YES;
				CLANG_WARN_CONSTANT_CONVERSION = YES;
				CLANG_WARN_DIRECT_OBJC_ISA_USAGE = YES_ERROR;
				CLANG_WARN_EMPTY_BODY = YES;
				CLANG_WARN_ENUM_CONVERSION = YES;
				CLANG_WARN_INT_CONVERSION = YES;
				CLANG_WARN_OBJC_ROOT_CLASS = YES_ERROR;
				CLANG_WARN_UNREACHABLE_CODE = YES;
				CLANG_WARN__DUPLICATE_METHOD_MATCH = YES;
				"CODE_SIGN_IDENTITY[sdk=iphoneos*]" = "iPhone Developer";
				COPY_PHASE_STRIP = NO;
				DEBUG_INFORMATION_FORMAT = "dwarf-with-dsym";
				ENABLE_NS_ASSERTIONS = NO;
				ENABLE_STRICT_OBJC_MSGSEND = YES;
				GCC_C_LANGUAGE_STANDARD = gnu99;
				GCC_NO_COMMON_BLOCKS = YES;
				GCC_WARN_64_TO_32_BIT_CONVERSION = YES;
				GCC_WARN_ABOUT_RETURN_TYPE = YES_ERROR;
				GCC_WARN_UNDECLARED_SELECTOR = YES;
				GCC_WARN_UNINITIALIZED_AUTOS = YES_AGGRESSIVE;
				GCC_WARN_UNUSED_FUNCTION = YES;
				GCC_WARN_UNUSED_VARIABLE = YES;
				IPHONEOS_DEPLOYMENT_TARGET = 8.3;
				MTL_ENABLE_DEBUG_INFO = NO;
				SDKROOT = iphoneos;
				TARGETED_DEVICE_FAMILY = "1,2";
				VALIDATE_PRODUCT = YES;
			};
			name = Release;
		};
		213EE2731AFE1134008FB47C /* Debug */ = {
			isa = XCBuildConfiguration;
			baseConfigurationReference = 21A932DB91A990A8E2B848D4 /* Pods-EffetivePlan.debug.xcconfig */;
			buildSettings = {
				ASSETCATALOG_COMPILER_APPICON_NAME = AppIcon;
				GCC_PREFIX_HEADER = "$(SRCROOT)/EffetivePlan/EffectivePlan-prefix.pch";
				GCC_PREPROCESSOR_DEFINITIONS = (
					"$(inherited)",
					"COCOAPODS=1",
					"DHTPersistanceShowSqlLog=1",
				);
				INFOPLIST_FILE = EffetivePlan/Info.plist;
				LD_RUNPATH_SEARCH_PATHS = "$(inherited) @executable_path/Frameworks";
				PRODUCT_NAME = "$(TARGET_NAME)";
			};
			name = Debug;
		};
		213EE2741AFE1134008FB47C /* Release */ = {
			isa = XCBuildConfiguration;
			baseConfigurationReference = F7669C0EFF9EF3E15590258D /* Pods-EffetivePlan.release.xcconfig */;
			buildSettings = {
				ASSETCATALOG_COMPILER_APPICON_NAME = AppIcon;
				GCC_PREFIX_HEADER = "$(SRCROOT)/EffetivePlan/EffectivePlan-prefix.pch";
				INFOPLIST_FILE = EffetivePlan/Info.plist;
				LD_RUNPATH_SEARCH_PATHS = "$(inherited) @executable_path/Frameworks";
				PRODUCT_NAME = "$(TARGET_NAME)";
			};
			name = Release;
		};
		213EE2761AFE1134008FB47C /* Debug */ = {
			isa = XCBuildConfiguration;
			buildSettings = {
				BUNDLE_LOADER = "$(TEST_HOST)";
				FRAMEWORK_SEARCH_PATHS = (
					"$(SDKROOT)/Developer/Library/Frameworks",
					"$(inherited)",
				);
				GCC_PREPROCESSOR_DEFINITIONS = (
					"DEBUG=1",
					"$(inherited)",
				);
				INFOPLIST_FILE = EffetivePlanTests/Info.plist;
				LD_RUNPATH_SEARCH_PATHS = "$(inherited) @executable_path/Frameworks @loader_path/Frameworks";
				PRODUCT_NAME = "$(TARGET_NAME)";
				TEST_HOST = "$(BUILT_PRODUCTS_DIR)/EffetivePlan.app/EffetivePlan";
			};
			name = Debug;
		};
		213EE2771AFE1134008FB47C /* Release */ = {
			isa = XCBuildConfiguration;
			buildSettings = {
				BUNDLE_LOADER = "$(TEST_HOST)";
				FRAMEWORK_SEARCH_PATHS = (
					"$(SDKROOT)/Developer/Library/Frameworks",
					"$(inherited)",
				);
				INFOPLIST_FILE = EffetivePlanTests/Info.plist;
				LD_RUNPATH_SEARCH_PATHS = "$(inherited) @executable_path/Frameworks @loader_path/Frameworks";
				PRODUCT_NAME = "$(TARGET_NAME)";
				TEST_HOST = "$(BUILT_PRODUCTS_DIR)/EffetivePlan.app/EffetivePlan";
			};
			name = Release;
		};
/* End XCBuildConfiguration section */

/* Begin XCConfigurationList section */
		213EE24A1AFE1134008FB47C /* Build configuration list for PBXProject "EffetivePlan" */ = {
			isa = XCConfigurationList;
			buildConfigurations = (
				213EE2701AFE1134008FB47C /* Debug */,
				213EE2711AFE1134008FB47C /* Release */,
			);
			defaultConfigurationIsVisible = 0;
			defaultConfigurationName = Release;
		};
		213EE2721AFE1134008FB47C /* Build configuration list for PBXNativeTarget "EffetivePlan" */ = {
			isa = XCConfigurationList;
			buildConfigurations = (
				213EE2731AFE1134008FB47C /* Debug */,
				213EE2741AFE1134008FB47C /* Release */,
			);
			defaultConfigurationIsVisible = 0;
			defaultConfigurationName = Release;
		};
		213EE2751AFE1134008FB47C /* Build configuration list for PBXNativeTarget "EffetivePlanTests" */ = {
			isa = XCConfigurationList;
			buildConfigurations = (
				213EE2761AFE1134008FB47C /* Debug */,
				213EE2771AFE1134008FB47C /* Release */,
			);
			defaultConfigurationIsVisible = 0;
			defaultConfigurationName = Release;
		};
/* End XCConfigurationList section */

/* Begin XCVersionGroup section */
		213EE2D81AFF8D4A008FB47C /* EffectivePlan.xcdatamodeld */ = {
			isa = XCVersionGroup;
			children = (
				21D7BD251B06365000C4C94F /* EffectivePlanV2.xcdatamodel */,
				213EE2D91AFF8D4A008FB47C /* EffectivePlan.xcdatamodel */,
			);
			currentVersion = 21D7BD251B06365000C4C94F /* EffectivePlanV2.xcdatamodel */;
			path = EffectivePlan.xcdatamodeld;
			sourceTree = "<group>";
			versionGroupType = wrapper.xcdatamodel;
		};
/* End XCVersionGroup section */
	};
	rootObject = 213EE2471AFE1134008FB47C /* Project object */;
}
