// !$*UTF8*$!
{
	archiveVersion = 1;
	classes = {
	};
	objectVersion = 46;
	objects = {

/* Begin PBXBuildFile section */
		213EE2551AFE1134008FB47C /* main.m in Sources */ = {isa = PBXBuildFile; fileRef = 213EE2541AFE1134008FB47C /* main.m */; };
		213EE2581AFE1134008FB47C /* AppDelegate.m in Sources */ = {isa = PBXBuildFile; fileRef = 213EE2571AFE1134008FB47C /* AppDelegate.m */; };
		213EE25B1AFE1134008FB47C /* ViewController.m in Sources */ = {isa = PBXBuildFile; fileRef = 213EE25A1AFE1134008FB47C /* ViewController.m */; };
		213EE25E1AFE1134008FB47C /* Main.storyboard in Resources */ = {isa = PBXBuildFile; fileRef = 213EE25C1AFE1134008FB47C /* Main.storyboard */; };
		213EE2601AFE1134008FB47C /* Images.xcassets in Resources */ = {isa = PBXBuildFile; fileRef = 213EE25F1AFE1134008FB47C /* Images.xcassets */; };
		213EE2631AFE1134008FB47C /* LaunchScreen.xib in Resources */ = {isa = PBXBuildFile; fileRef = 213EE2611AFE1134008FB47C /* LaunchScreen.xib */; };
		213EE26F1AFE1134008FB47C /* EffetivePlanTests.m in Sources */ = {isa = PBXBuildFile; fileRef = 213EE26E1AFE1134008FB47C /* EffetivePlanTests.m */; };
		213EE28A1AFE54DB008FB47C /* DHTPhoneViewController.m in Sources */ = {isa = PBXBuildFile; fileRef = 213EE2891AFE54DB008FB47C /* DHTPhoneViewController.m */; };
		213EE28D1AFE5554008FB47C /* DHTPlanViewController.m in Sources */ = {isa = PBXBuildFile; fileRef = 213EE28C1AFE5554008FB47C /* DHTPlanViewController.m */; };
		213EE2901AFE556B008FB47C /* DHTDoViewController.m in Sources */ = {isa = PBXBuildFile; fileRef = 213EE28F1AFE556B008FB47C /* DHTDoViewController.m */; };
		213EE2931AFE559A008FB47C /* DHTCheckViewController.m in Sources */ = {isa = PBXBuildFile; fileRef = 213EE2921AFE559A008FB47C /* DHTCheckViewController.m */; };
		213EE2961AFE55AF008FB47C /* DHTActionViewController.m in Sources */ = {isa = PBXBuildFile; fileRef = 213EE2951AFE55AF008FB47C /* DHTActionViewController.m */; };
		213EE2991AFE55EE008FB47C /* DHTPlanStore.m in Sources */ = {isa = PBXBuildFile; fileRef = 213EE2981AFE55EE008FB47C /* DHTPlanStore.m */; };
		213EE2DA1AFF8D4A008FB47C /* EffectivePlan.xcdatamodeld in Sources */ = {isa = PBXBuildFile; fileRef = 213EE2D81AFF8D4A008FB47C /* EffectivePlan.xcdatamodeld */; };
		213EE2DD1AFF8D85008FB47C /* DHTPlan.m in Sources */ = {isa = PBXBuildFile; fileRef = 213EE2DC1AFF8D85008FB47C /* DHTPlan.m */; };
		213EE2E01AFF9102008FB47C /* DHTDo.m in Sources */ = {isa = PBXBuildFile; fileRef = 213EE2DF1AFF9102008FB47C /* DHTDo.m */; };
		213EE2E31AFF9103008FB47C /* DHTCheck.m in Sources */ = {isa = PBXBuildFile; fileRef = 213EE2E21AFF9103008FB47C /* DHTCheck.m */; };
		213EE2E61AFF9103008FB47C /* DHTAction.m in Sources */ = {isa = PBXBuildFile; fileRef = 213EE2E51AFF9103008FB47C /* DHTAction.m */; };
		213EE2EA1AFF95C0008FB47C /* DHTPlanCell.m in Sources */ = {isa = PBXBuildFile; fileRef = 213EE2E81AFF95C0008FB47C /* DHTPlanCell.m */; };
		213EE2EB1AFF95C0008FB47C /* DHTPlanCell.xib in Resources */ = {isa = PBXBuildFile; fileRef = 213EE2E91AFF95C0008FB47C /* DHTPlanCell.xib */; };
		213EE2EE1B00DDD2008FB47C /* DHTAddPlanView.m in Sources */ = {isa = PBXBuildFile; fileRef = 213EE2ED1B00DDD2008FB47C /* DHTAddPlanView.m */; };
		213EE2F11B00DE2D008FB47C /* DHTAddPlanViewController.m in Sources */ = {isa = PBXBuildFile; fileRef = 213EE2F01B00DE2D008FB47C /* DHTAddPlanViewController.m */; };
		D5BE7FA370ABA24558D45B14 /* libPods.a in Frameworks */ = {isa = PBXBuildFile; fileRef = BBBB2382B44E27267FB58F6E /* libPods.a */; };
/* End PBXBuildFile section */

/* Begin PBXContainerItemProxy section */
		213EE2691AFE1134008FB47C /* PBXContainerItemProxy */ = {
			isa = PBXContainerItemProxy;
			containerPortal = 213EE2471AFE1134008FB47C /* Project object */;
			proxyType = 1;
			remoteGlobalIDString = 213EE24E1AFE1134008FB47C;
			remoteInfo = EffetivePlan;
		};
/* End PBXContainerItemProxy section */

/* Begin PBXFileReference section */
		213EE24F1AFE1134008FB47C /* EffetivePlan.app */ = {isa = PBXFileReference; explicitFileType = wrapper.application; includeInIndex = 0; path = EffetivePlan.app; sourceTree = BUILT_PRODUCTS_DIR; };
		213EE2531AFE1134008FB47C /* Info.plist */ = {isa = PBXFileReference; lastKnownFileType = text.plist.xml; path = Info.plist; sourceTree = "<group>"; };
		213EE2541AFE1134008FB47C /* main.m */ = {isa = PBXFileReference; lastKnownFileType = sourcecode.c.objc; path = main.m; sourceTree = "<group>"; };
		213EE2561AFE1134008FB47C /* AppDelegate.h */ = {isa = PBXFileReference; lastKnownFileType = sourcecode.c.h; path = AppDelegate.h; sourceTree = "<group>"; };
		213EE2571AFE1134008FB47C /* AppDelegate.m */ = {isa = PBXFileReference; lastKnownFileType = sourcecode.c.objc; path = AppDelegate.m; sourceTree = "<group>"; };
		213EE2591AFE1134008FB47C /* ViewController.h */ = {isa = PBXFileReference; lastKnownFileType = sourcecode.c.h; path = ViewController.h; sourceTree = "<group>"; };
		213EE25A1AFE1134008FB47C /* ViewController.m */ = {isa = PBXFileReference; lastKnownFileType = sourcecode.c.objc; path = ViewController.m; sourceTree = "<group>"; };
		213EE25D1AFE1134008FB47C /* Base */ = {isa = PBXFileReference; lastKnownFileType = file.storyboard; name = Base; path = Base.lproj/Main.storyboard; sourceTree = "<group>"; };
		213EE25F1AFE1134008FB47C /* Images.xcassets */ = {isa = PBXFileReference; lastKnownFileType = folder.assetcatalog; path = Images.xcassets; sourceTree = "<group>"; };
		213EE2621AFE1134008FB47C /* Base */ = {isa = PBXFileReference; lastKnownFileType = file.xib; name = Base; path = Base.lproj/LaunchScreen.xib; sourceTree = "<group>"; };
		213EE2681AFE1134008FB47C /* EffetivePlanTests.xctest */ = {isa = PBXFileReference; explicitFileType = wrapper.cfbundle; includeInIndex = 0; path = EffetivePlanTests.xctest; sourceTree = BUILT_PRODUCTS_DIR; };
		213EE26D1AFE1134008FB47C /* Info.plist */ = {isa = PBXFileReference; lastKnownFileType = text.plist.xml; path = Info.plist; sourceTree = "<group>"; };
		213EE26E1AFE1134008FB47C /* EffetivePlanTests.m */ = {isa = PBXFileReference; lastKnownFileType = sourcecode.c.objc; path = EffetivePlanTests.m; sourceTree = "<group>"; };
		213EE2881AFE54DB008FB47C /* DHTPhoneViewController.h */ = {isa = PBXFileReference; fileEncoding = 4; lastKnownFileType = sourcecode.c.h; path = DHTPhoneViewController.h; sourceTree = "<group>"; };
		213EE2891AFE54DB008FB47C /* DHTPhoneViewController.m */ = {isa = PBXFileReference; fileEncoding = 4; lastKnownFileType = sourcecode.c.objc; path = DHTPhoneViewController.m; sourceTree = "<group>"; };
		213EE28B1AFE5554008FB47C /* DHTPlanViewController.h */ = {isa = PBXFileReference; fileEncoding = 4; lastKnownFileType = sourcecode.c.h; path = DHTPlanViewController.h; sourceTree = "<group>"; };
		213EE28C1AFE5554008FB47C /* DHTPlanViewController.m */ = {isa = PBXFileReference; fileEncoding = 4; lastKnownFileType = sourcecode.c.objc; path = DHTPlanViewController.m; sourceTree = "<group>"; };
		213EE28E1AFE556B008FB47C /* DHTDoViewController.h */ = {isa = PBXFileReference; fileEncoding = 4; lastKnownFileType = sourcecode.c.h; path = DHTDoViewController.h; sourceTree = "<group>"; };
		213EE28F1AFE556B008FB47C /* DHTDoViewController.m */ = {isa = PBXFileReference; fileEncoding = 4; lastKnownFileType = sourcecode.c.objc; path = DHTDoViewController.m; sourceTree = "<group>"; };
		213EE2911AFE559A008FB47C /* DHTCheckViewController.h */ = {isa = PBXFileReference; fileEncoding = 4; lastKnownFileType = sourcecode.c.h; path = DHTCheckViewController.h; sourceTree = "<group>"; };
		213EE2921AFE559A008FB47C /* DHTCheckViewController.m */ = {isa = PBXFileReference; fileEncoding = 4; lastKnownFileType = sourcecode.c.objc; path = DHTCheckViewController.m; sourceTree = "<group>"; };
		213EE2941AFE55AF008FB47C /* DHTActionViewController.h */ = {isa = PBXFileReference; fileEncoding = 4; lastKnownFileType = sourcecode.c.h; path = DHTActionViewController.h; sourceTree = "<group>"; };
		213EE2951AFE55AF008FB47C /* DHTActionViewController.m */ = {isa = PBXFileReference; fileEncoding = 4; lastKnownFileType = sourcecode.c.objc; path = DHTActionViewController.m; sourceTree = "<group>"; };
		213EE2971AFE55EE008FB47C /* DHTPlanStore.h */ = {isa = PBXFileReference; fileEncoding = 4; lastKnownFileType = sourcecode.c.h; path = DHTPlanStore.h; sourceTree = "<group>"; };
		213EE2981AFE55EE008FB47C /* DHTPlanStore.m */ = {isa = PBXFileReference; fileEncoding = 4; lastKnownFileType = sourcecode.c.objc; path = DHTPlanStore.m; sourceTree = "<group>"; };
		213EE2D91AFF8D4A008FB47C /* EffectivePlan.xcdatamodel */ = {isa = PBXFileReference; lastKnownFileType = wrapper.xcdatamodel; path = EffectivePlan.xcdatamodel; sourceTree = "<group>"; };
		213EE2DB1AFF8D85008FB47C /* DHTPlan.h */ = {isa = PBXFileReference; fileEncoding = 4; lastKnownFileType = sourcecode.c.h; path = DHTPlan.h; sourceTree = "<group>"; };
		213EE2DC1AFF8D85008FB47C /* DHTPlan.m */ = {isa = PBXFileReference; fileEncoding = 4; lastKnownFileType = sourcecode.c.objc; path = DHTPlan.m; sourceTree = "<group>"; };
		213EE2DE1AFF9102008FB47C /* DHTDo.h */ = {isa = PBXFileReference; fileEncoding = 4; lastKnownFileType = sourcecode.c.h; path = DHTDo.h; sourceTree = "<group>"; };
		213EE2DF1AFF9102008FB47C /* DHTDo.m */ = {isa = PBXFileReference; fileEncoding = 4; lastKnownFileType = sourcecode.c.objc; path = DHTDo.m; sourceTree = "<group>"; };
		213EE2E11AFF9103008FB47C /* DHTCheck.h */ = {isa = PBXFileReference; fileEncoding = 4; lastKnownFileType = sourcecode.c.h; path = DHTCheck.h; sourceTree = "<group>"; };
		213EE2E21AFF9103008FB47C /* DHTCheck.m */ = {isa = PBXFileReference; fileEncoding = 4; lastKnownFileType = sourcecode.c.objc; path = DHTCheck.m; sourceTree = "<group>"; };
		213EE2E41AFF9103008FB47C /* DHTAction.h */ = {isa = PBXFileReference; fileEncoding = 4; lastKnownFileType = sourcecode.c.h; path = DHTAction.h; sourceTree = "<group>"; };
		213EE2E51AFF9103008FB47C /* DHTAction.m */ = {isa = PBXFileReference; fileEncoding = 4; lastKnownFileType = sourcecode.c.objc; path = DHTAction.m; sourceTree = "<group>"; };
		213EE2E71AFF95C0008FB47C /* DHTPlanCell.h */ = {isa = PBXFileReference; fileEncoding = 4; lastKnownFileType = sourcecode.c.h; path = DHTPlanCell.h; sourceTree = "<group>"; };
		213EE2E81AFF95C0008FB47C /* DHTPlanCell.m */ = {isa = PBXFileReference; fileEncoding = 4; lastKnownFileType = sourcecode.c.objc; path = DHTPlanCell.m; sourceTree = "<group>"; };
		213EE2E91AFF95C0008FB47C /* DHTPlanCell.xib */ = {isa = PBXFileReference; fileEncoding = 4; lastKnownFileType = file.xib; path = DHTPlanCell.xib; sourceTree = "<group>"; };
		213EE2EC1B00DDD2008FB47C /* DHTAddPlanView.h */ = {isa = PBXFileReference; fileEncoding = 4; lastKnownFileType = sourcecode.c.h; path = DHTAddPlanView.h; sourceTree = "<group>"; };
		213EE2ED1B00DDD2008FB47C /* DHTAddPlanView.m */ = {isa = PBXFileReference; fileEncoding = 4; lastKnownFileType = sourcecode.c.objc; path = DHTAddPlanView.m; sourceTree = "<group>"; };
		213EE2EF1B00DE2D008FB47C /* DHTAddPlanViewController.h */ = {isa = PBXFileReference; fileEncoding = 4; lastKnownFileType = sourcecode.c.h; path = DHTAddPlanViewController.h; sourceTree = "<group>"; };
		213EE2F01B00DE2D008FB47C /* DHTAddPlanViewController.m */ = {isa = PBXFileReference; fileEncoding = 4; lastKnownFileType = sourcecode.c.objc; path = DHTAddPlanViewController.m; sourceTree = "<group>"; };
		36A71913765E461B29C9549A /* Pods.debug.xcconfig */ = {isa = PBXFileReference; includeInIndex = 1; lastKnownFileType = text.xcconfig; name = Pods.debug.xcconfig; path = "Pods/Target Support Files/Pods/Pods.debug.xcconfig"; sourceTree = "<group>"; };
		ABA89D58D8C18068D6387B9F /* Pods.release.xcconfig */ = {isa = PBXFileReference; includeInIndex = 1; lastKnownFileType = text.xcconfig; name = Pods.release.xcconfig; path = "Pods/Target Support Files/Pods/Pods.release.xcconfig"; sourceTree = "<group>"; };
		BBBB2382B44E27267FB58F6E /* libPods.a */ = {isa = PBXFileReference; explicitFileType = archive.ar; includeInIndex = 0; path = libPods.a; sourceTree = BUILT_PRODUCTS_DIR; };
/* End PBXFileReference section */

/* Begin PBXFrameworksBuildPhase section */
		213EE24C1AFE1134008FB47C /* Frameworks */ = {
			isa = PBXFrameworksBuildPhase;
			buildActionMask = 2147483647;
			files = (
				D5BE7FA370ABA24558D45B14 /* libPods.a in Frameworks */,
			);
			runOnlyForDeploymentPostprocessing = 0;
		};
		213EE2651AFE1134008FB47C /* Frameworks */ = {
			isa = PBXFrameworksBuildPhase;
			buildActionMask = 2147483647;
			files = (
			);
			runOnlyForDeploymentPostprocessing = 0;
		};
/* End PBXFrameworksBuildPhase section */

/* Begin PBXGroup section */
		213EE2461AFE1134008FB47C = {
			isa = PBXGroup;
			children = (
				213EE2511AFE1134008FB47C /* EffetivePlan */,
				213EE26B1AFE1134008FB47C /* EffetivePlanTests */,
				213EE2501AFE1134008FB47C /* Products */,
				FCBB2370E7C2CA92D77716BA /* Pods */,
				C2C0898AC45E6CD776409958 /* Frameworks */,
			);
			sourceTree = "<group>";
		};
		213EE2501AFE1134008FB47C /* Products */ = {
			isa = PBXGroup;
			children = (
				213EE24F1AFE1134008FB47C /* EffetivePlan.app */,
				213EE2681AFE1134008FB47C /* EffetivePlanTests.xctest */,
			);
			name = Products;
			sourceTree = "<group>";
		};
		213EE2511AFE1134008FB47C /* EffetivePlan */ = {
			isa = PBXGroup;
			children = (
				213EE27B1AFE13CE008FB47C /* Store */,
				213EE27A1AFE13B3008FB47C /* Controller */,
				213EE2791AFE13A7008FB47C /* View */,
				213EE2781AFE1392008FB47C /* Model */,
				213EE2561AFE1134008FB47C /* AppDelegate.h */,
				213EE2571AFE1134008FB47C /* AppDelegate.m */,
				213EE2591AFE1134008FB47C /* ViewController.h */,
				213EE25A1AFE1134008FB47C /* ViewController.m */,
				213EE25C1AFE1134008FB47C /* Main.storyboard */,
				213EE25F1AFE1134008FB47C /* Images.xcassets */,
				213EE2611AFE1134008FB47C /* LaunchScreen.xib */,
				213EE2521AFE1134008FB47C /* Supporting Files */,
			);
			path = EffetivePlan;
			sourceTree = "<group>";
		};
		213EE2521AFE1134008FB47C /* Supporting Files */ = {
			isa = PBXGroup;
			children = (
				213EE2531AFE1134008FB47C /* Info.plist */,
				213EE2541AFE1134008FB47C /* main.m */,
				213EE2D81AFF8D4A008FB47C /* EffectivePlan.xcdatamodeld */,
			);
			name = "Supporting Files";
			sourceTree = "<group>";
		};
		213EE26B1AFE1134008FB47C /* EffetivePlanTests */ = {
			isa = PBXGroup;
			children = (
				213EE26E1AFE1134008FB47C /* EffetivePlanTests.m */,
				213EE26C1AFE1134008FB47C /* Supporting Files */,
			);
			path = EffetivePlanTests;
			sourceTree = "<group>";
		};
		213EE26C1AFE1134008FB47C /* Supporting Files */ = {
			isa = PBXGroup;
			children = (
				213EE26D1AFE1134008FB47C /* Info.plist */,
			);
			name = "Supporting Files";
			sourceTree = "<group>";
		};
		213EE2781AFE1392008FB47C /* Model */ = {
			isa = PBXGroup;
			children = (
				213EE2DB1AFF8D85008FB47C /* DHTPlan.h */,
				213EE2DC1AFF8D85008FB47C /* DHTPlan.m */,
				213EE2E41AFF9103008FB47C /* DHTAction.h */,
				213EE2E51AFF9103008FB47C /* DHTAction.m */,
				213EE2E11AFF9103008FB47C /* DHTCheck.h */,
				213EE2E21AFF9103008FB47C /* DHTCheck.m */,
				213EE2DE1AFF9102008FB47C /* DHTDo.h */,
				213EE2DF1AFF9102008FB47C /* DHTDo.m */,
			);
			name = Model;
			sourceTree = "<group>";
		};
		213EE2791AFE13A7008FB47C /* View */ = {
			isa = PBXGroup;
			children = (
				213EE2E71AFF95C0008FB47C /* DHTPlanCell.h */,
				213EE2E81AFF95C0008FB47C /* DHTPlanCell.m */,
				213EE2E91AFF95C0008FB47C /* DHTPlanCell.xib */,
				213EE2EC1B00DDD2008FB47C /* DHTAddPlanView.h */,
				213EE2ED1B00DDD2008FB47C /* DHTAddPlanView.m */,
			);
			name = View;
			sourceTree = "<group>";
		};
		213EE27A1AFE13B3008FB47C /* Controller */ = {
			isa = PBXGroup;
			children = (
				213EE2881AFE54DB008FB47C /* DHTPhoneViewController.h */,
				213EE2891AFE54DB008FB47C /* DHTPhoneViewController.m */,
				213EE28B1AFE5554008FB47C /* DHTPlanViewController.h */,
				213EE28C1AFE5554008FB47C /* DHTPlanViewController.m */,
				213EE28E1AFE556B008FB47C /* DHTDoViewController.h */,
				213EE28F1AFE556B008FB47C /* DHTDoViewController.m */,
				213EE2911AFE559A008FB47C /* DHTCheckViewController.h */,
				213EE2921AFE559A008FB47C /* DHTCheckViewController.m */,
				213EE2941AFE55AF008FB47C /* DHTActionViewController.h */,
				213EE2951AFE55AF008FB47C /* DHTActionViewController.m */,
				213EE2EF1B00DE2D008FB47C /* DHTAddPlanViewController.h */,
				213EE2F01B00DE2D008FB47C /* DHTAddPlanViewController.m */,
			);
			name = Controller;
			sourceTree = "<group>";
		};
		213EE27B1AFE13CE008FB47C /* Store */ = {
			isa = PBXGroup;
			children = (
				213EE2971AFE55EE008FB47C /* DHTPlanStore.h */,
				213EE2981AFE55EE008FB47C /* DHTPlanStore.m */,
			);
			name = Store;
			sourceTree = "<group>";
		};
		C2C0898AC45E6CD776409958 /* Frameworks */ = {
			isa = PBXGroup;
			children = (
				BBBB2382B44E27267FB58F6E /* libPods.a */,
			);
			name = Frameworks;
			sourceTree = "<group>";
		};
		FCBB2370E7C2CA92D77716BA /* Pods */ = {
			isa = PBXGroup;
			children = (
				36A71913765E461B29C9549A /* Pods.debug.xcconfig */,
				ABA89D58D8C18068D6387B9F /* Pods.release.xcconfig */,
			);
			name = Pods;
			sourceTree = "<group>";
		};
/* End PBXGroup section */

/* Begin PBXNativeTarget section */
		213EE24E1AFE1134008FB47C /* EffetivePlan */ = {
			isa = PBXNativeTarget;
			buildConfigurationList = 213EE2721AFE1134008FB47C /* Build configuration list for PBXNativeTarget "EffetivePlan" */;
			buildPhases = (
				B9A926FDE7C7407D1B048AEB /* Check Pods Manifest.lock */,
				213EE24B1AFE1134008FB47C /* Sources */,
				213EE24C1AFE1134008FB47C /* Frameworks */,
				213EE24D1AFE1134008FB47C /* Resources */,
				3F32360E03381954A61777FA /* Copy Pods Resources */,
			);
			buildRules = (
			);
			dependencies = (
			);
			name = EffetivePlan;
			productName = EffetivePlan;
			productReference = 213EE24F1AFE1134008FB47C /* EffetivePlan.app */;
			productType = "com.apple.product-type.application";
		};
		213EE2671AFE1134008FB47C /* EffetivePlanTests */ = {
			isa = PBXNativeTarget;
			buildConfigurationList = 213EE2751AFE1134008FB47C /* Build configuration list for PBXNativeTarget "EffetivePlanTests" */;
			buildPhases = (
				213EE2641AFE1134008FB47C /* Sources */,
				213EE2651AFE1134008FB47C /* Frameworks */,
				213EE2661AFE1134008FB47C /* Resources */,
			);
			buildRules = (
			);
			dependencies = (
				213EE26A1AFE1134008FB47C /* PBXTargetDependency */,
			);
			name = EffetivePlanTests;
			productName = EffetivePlanTests;
			productReference = 213EE2681AFE1134008FB47C /* EffetivePlanTests.xctest */;
			productType = "com.apple.product-type.bundle.unit-test";
		};
/* End PBXNativeTarget section */

/* Begin PBXProject section */
		213EE2471AFE1134008FB47C /* Project object */ = {
			isa = PBXProject;
			attributes = {
				LastUpgradeCheck = 0630;
				ORGANIZATIONNAME = happyo;
				TargetAttributes = {
					213EE24E1AFE1134008FB47C = {
						CreatedOnToolsVersion = 6.3.1;
					};
					213EE2671AFE1134008FB47C = {
						CreatedOnToolsVersion = 6.3.1;
						TestTargetID = 213EE24E1AFE1134008FB47C;
					};
				};
			};
			buildConfigurationList = 213EE24A1AFE1134008FB47C /* Build configuration list for PBXProject "EffetivePlan" */;
			compatibilityVersion = "Xcode 3.2";
			developmentRegion = English;
			hasScannedForEncodings = 0;
			knownRegions = (
				en,
				Base,
			);
			mainGroup = 213EE2461AFE1134008FB47C;
			productRefGroup = 213EE2501AFE1134008FB47C /* Products */;
			projectDirPath = "";
			projectRoot = "";
			targets = (
				213EE24E1AFE1134008FB47C /* EffetivePlan */,
				213EE2671AFE1134008FB47C /* EffetivePlanTests */,
			);
		};
/* End PBXProject section */

/* Begin PBXResourcesBuildPhase section */
		213EE24D1AFE1134008FB47C /* Resources */ = {
			isa = PBXResourcesBuildPhase;
			buildActionMask = 2147483647;
			files = (
				213EE25E1AFE1134008FB47C /* Main.storyboard in Resources */,
				213EE2631AFE1134008FB47C /* LaunchScreen.xib in Resources */,
				213EE2601AFE1134008FB47C /* Images.xcassets in Resources */,
				213EE2EB1AFF95C0008FB47C /* DHTPlanCell.xib in Resources */,
			);
			runOnlyForDeploymentPostprocessing = 0;
		};
		213EE2661AFE1134008FB47C /* Resources */ = {
			isa = PBXResourcesBuildPhase;
			buildActionMask = 2147483647;
			files = (
			);
			runOnlyForDeploymentPostprocessing = 0;
		};
/* End PBXResourcesBuildPhase section */

/* Begin PBXShellScriptBuildPhase section */
		3F32360E03381954A61777FA /* Copy Pods Resources */ = {
			isa = PBXShellScriptBuildPhase;
			buildActionMask = 2147483647;
			files = (
			);
			inputPaths = (
			);
			name = "Copy Pods Resources";
			outputPaths = (
			);
			runOnlyForDeploymentPostprocessing = 0;
			shellPath = /bin/sh;
			shellScript = "\"${SRCROOT}/Pods/Target Support Files/Pods/Pods-resources.sh\"\n";
			showEnvVarsInLog = 0;
		};
		B9A926FDE7C7407D1B048AEB /* Check Pods Manifest.lock */ = {
			isa = PBXShellScriptBuildPhase;
			buildActionMask = 2147483647;
			files = (
			);
			inputPaths = (
			);
			name = "Check Pods Manifest.lock";
			outputPaths = (
			);
			runOnlyForDeploymentPostprocessing = 0;
			shellPath = /bin/sh;
			shellScript = "diff \"${PODS_ROOT}/../Podfile.lock\" \"${PODS_ROOT}/Manifest.lock\" > /dev/null\nif [[ $? != 0 ]] ; then\n    cat << EOM\nerror: The sandbox is not in sync with the Podfile.lock. Run 'pod install' or update your CocoaPods installation.\nEOM\n    exit 1\nfi\n";
			showEnvVarsInLog = 0;
		};
/* End PBXShellScriptBuildPhase section */

/* Begin PBXSourcesBuildPhase section */
		213EE24B1AFE1134008FB47C /* Sources */ = {
			isa = PBXSourcesBuildPhase;
			buildActionMask = 2147483647;
			files = (
				213EE2931AFE559A008FB47C /* DHTCheckViewController.m in Sources */,
				213EE2901AFE556B008FB47C /* DHTDoViewController.m in Sources */,
				213EE2EA1AFF95C0008FB47C /* DHTPlanCell.m in Sources */,
				213EE28D1AFE5554008FB47C /* DHTPlanViewController.m in Sources */,
				213EE2DD1AFF8D85008FB47C /* DHTPlan.m in Sources */,
				213EE2E61AFF9103008FB47C /* DHTAction.m in Sources */,
				213EE25B1AFE1134008FB47C /* ViewController.m in Sources */,
				213EE2961AFE55AF008FB47C /* DHTActionViewController.m in Sources */,
				213EE2581AFE1134008FB47C /* AppDelegate.m in Sources */,
				213EE2551AFE1134008FB47C /* main.m in Sources */,
				213EE28A1AFE54DB008FB47C /* DHTPhoneViewController.m in Sources */,
				213EE2EE1B00DDD2008FB47C /* DHTAddPlanView.m in Sources */,
				213EE2F11B00DE2D008FB47C /* DHTAddPlanViewController.m in Sources */,
				213EE2E31AFF9103008FB47C /* DHTCheck.m in Sources */,
				213EE2E01AFF9102008FB47C /* DHTDo.m in Sources */,
				213EE2DA1AFF8D4A008FB47C /* EffectivePlan.xcdatamodeld in Sources */,
				213EE2991AFE55EE008FB47C /* DHTPlanStore.m in Sources */,
			);
			runOnlyForDeploymentPostprocessing = 0;
		};
		213EE2641AFE1134008FB47C /* Sources */ = {
			isa = PBXSourcesBuildPhase;
			buildActionMask = 2147483647;
			files = (
				213EE26F1AFE1134008FB47C /* EffetivePlanTests.m in Sources */,
			);
			runOnlyForDeploymentPostprocessing = 0;
		};
/* End PBXSourcesBuildPhase section */

/* Begin PBXTargetDependency section */
		213EE26A1AFE1134008FB47C /* PBXTargetDependency */ = {
			isa = PBXTargetDependency;
			target = 213EE24E1AFE1134008FB47C /* EffetivePlan */;
			targetProxy = 213EE2691AFE1134008FB47C /* PBXContainerItemProxy */;
		};
/* End PBXTargetDependency section */

/* Begin PBXVariantGroup section */
		213EE25C1AFE1134008FB47C /* Main.storyboard */ = {
			isa = PBXVariantGroup;
			children = (
				213EE25D1AFE1134008FB47C /* Base */,
			);
			name = Main.storyboard;
			sourceTree = "<group>";
		};
		213EE2611AFE1134008FB47C /* LaunchScreen.xib */ = {
			isa = PBXVariantGroup;
			children = (
				213EE2621AFE1134008FB47C /* Base */,
			);
			name = LaunchScreen.xib;
			sourceTree = "<group>";
		};
/* End PBXVariantGroup section */

/* Begin XCBuildConfiguration section */
		213EE2701AFE1134008FB47C /* Debug */ = {
			isa = XCBuildConfiguration;
			buildSettings = {
				ALWAYS_SEARCH_USER_PATHS = NO;
				CLANG_CXX_LANGUAGE_STANDARD = "gnu++0x";
				CLANG_CXX_LIBRARY = "libc++";
				CLANG_ENABLE_MODULES = YES;
				CLANG_ENABLE_OBJC_ARC = YES;
				CLANG_WARN_BOOL_CONVERSION = YES;
				CLANG_WARN_CONSTANT_CONVERSION = YES;
				CLANG_WARN_DIRECT_OBJC_ISA_USAGE = YES_ERROR;
				CLANG_WARN_EMPTY_BODY = YES;
				CLANG_WARN_ENUM_CONVERSION = YES;
				CLANG_WARN_INT_CONVERSION = YES;
				CLANG_WARN_OBJC_ROOT_CLASS = YES_ERROR;
				CLANG_WARN_UNREACHABLE_CODE = YES;
				CLANG_WARN__DUPLICATE_METHOD_MATCH = YES;
				"CODE_SIGN_IDENTITY[sdk=iphoneos*]" = "iPhone Developer";
				COPY_PHASE_STRIP = NO;
				DEBUG_INFORMATION_FORMAT = "dwarf-with-dsym";
				ENABLE_STRICT_OBJC_MSGSEND = YES;
				GCC_C_LANGUAGE_STANDARD = gnu99;
				GCC_DYNAMIC_NO_PIC = NO;
				GCC_NO_COMMON_BLOCKS = YES;
				GCC_OPTIMIZATION_LEVEL = 0;
				GCC_PREPROCESSOR_DEFINITIONS = (
					"DEBUG=1",
					"$(inherited)",
				);
				GCC_SYMBOLS_PRIVATE_EXTERN = NO;
				GCC_WARN_64_TO_32_BIT_CONVERSION = YES;
				GCC_WARN_ABOUT_RETURN_TYPE = YES_ERROR;
				GCC_WARN_UNDECLARED_SELECTOR = YES;
				GCC_WARN_UNINITIALIZED_AUTOS = YES_AGGRESSIVE;
				GCC_WARN_UNUSED_FUNCTION = YES;
				GCC_WARN_UNUSED_VARIABLE = YES;
				IPHONEOS_DEPLOYMENT_TARGET = 8.3;
				MTL_ENABLE_DEBUG_INFO = YES;
				ONLY_ACTIVE_ARCH = YES;
				SDKROOT = iphoneos;
				TARGETED_DEVICE_FAMILY = "1,2";
			};
			name = Debug;
		};
		213EE2711AFE1134008FB47C /* Release */ = {
			isa = XCBuildConfiguration;
			buildSettings = {
				ALWAYS_SEARCH_USER_PATHS = NO;
				CLANG_CXX_LANGUAGE_STANDARD = "gnu++0x";
				CLANG_CXX_LIBRARY = "libc++";
				CLANG_ENABLE_MODULES = YES;
				CLANG_ENABLE_OBJC_ARC = YES;
				CLANG_WARN_BOOL_CONVERSION = YES;
				CLANG_WARN_CONSTANT_CONVERSION = YES;
				CLANG_WARN_DIRECT_OBJC_ISA_USAGE = YES_ERROR;
				CLANG_WARN_EMPTY_BODY = YES;
				CLANG_WARN_ENUM_CONVERSION = YES;
				CLANG_WARN_INT_CONVERSION = YES;
				CLANG_WARN_OBJC_ROOT_CLASS = YES_ERROR;
				CLANG_WARN_UNREACHABLE_CODE = YES;
				CLANG_WARN__DUPLICATE_METHOD_MATCH = YES;
				"CODE_SIGN_IDENTITY[sdk=iphoneos*]" = "iPhone Developer";
				COPY_PHASE_STRIP = NO;
				DEBUG_INFORMATION_FORMAT = "dwarf-with-dsym";
				ENABLE_NS_ASSERTIONS = NO;
				ENABLE_STRICT_OBJC_MSGSEND = YES;
				GCC_C_LANGUAGE_STANDARD = gnu99;
				GCC_NO_COMMON_BLOCKS = YES;
				GCC_WARN_64_TO_32_BIT_CONVERSION = YES;
				GCC_WARN_ABOUT_RETURN_TYPE = YES_ERROR;
				GCC_WARN_UNDECLARED_SELECTOR = YES;
				GCC_WARN_UNINITIALIZED_AUTOS = YES_AGGRESSIVE;
				GCC_WARN_UNUSED_FUNCTION = YES;
				GCC_WARN_UNUSED_VARIABLE = YES;
				IPHONEOS_DEPLOYMENT_TARGET = 8.3;
				MTL_ENABLE_DEBUG_INFO = NO;
				SDKROOT = iphoneos;
				TARGETED_DEVICE_FAMILY = "1,2";
				VALIDATE_PRODUCT = YES;
			};
			name = Release;
		};
		213EE2731AFE1134008FB47C /* Debug */ = {
			isa = XCBuildConfiguration;
			baseConfigurationReference = 36A71913765E461B29C9549A /* Pods.debug.xcconfig */;
			buildSettings = {
				ASSETCATALOG_COMPILER_APPICON_NAME = AppIcon;
				INFOPLIST_FILE = EffetivePlan/Info.plist;
				LD_RUNPATH_SEARCH_PATHS = "$(inherited) @executable_path/Frameworks";
				PRODUCT_NAME = "$(TARGET_NAME)";
			};
			name = Debug;
		};
		213EE2741AFE1134008FB47C /* Release */ = {
			isa = XCBuildConfiguration;
			baseConfigurationReference = ABA89D58D8C18068D6387B9F /* Pods.release.xcconfig */;
			buildSettings = {
				ASSETCATALOG_COMPILER_APPICON_NAME = AppIcon;
				INFOPLIST_FILE = EffetivePlan/Info.plist;
				LD_RUNPATH_SEARCH_PATHS = "$(inherited) @executable_path/Frameworks";
				PRODUCT_NAME = "$(TARGET_NAME)";
			};
			name = Release;
		};
		213EE2761AFE1134008FB47C /* Debug */ = {
			isa = XCBuildConfiguration;
			buildSettings = {
				BUNDLE_LOADER = "$(TEST_HOST)";
				FRAMEWORK_SEARCH_PATHS = (
					"$(SDKROOT)/Developer/Library/Frameworks",
					"$(inherited)",
				);
				GCC_PREPROCESSOR_DEFINITIONS = (
					"DEBUG=1",
					"$(inherited)",
				);
				INFOPLIST_FILE = EffetivePlanTests/Info.plist;
				LD_RUNPATH_SEARCH_PATHS = "$(inherited) @executable_path/Frameworks @loader_path/Frameworks";
				PRODUCT_NAME = "$(TARGET_NAME)";
				TEST_HOST = "$(BUILT_PRODUCTS_DIR)/EffetivePlan.app/EffetivePlan";
			};
			name = Debug;
		};
		213EE2771AFE1134008FB47C /* Release */ = {
			isa = XCBuildConfiguration;
			buildSettings = {
				BUNDLE_LOADER = "$(TEST_HOST)";
				FRAMEWORK_SEARCH_PATHS = (
					"$(SDKROOT)/Developer/Library/Frameworks",
					"$(inherited)",
				);
				INFOPLIST_FILE = EffetivePlanTests/Info.plist;
				LD_RUNPATH_SEARCH_PATHS = "$(inherited) @executable_path/Frameworks @loader_path/Frameworks";
				PRODUCT_NAME = "$(TARGET_NAME)";
				TEST_HOST = "$(BUILT_PRODUCTS_DIR)/EffetivePlan.app/EffetivePlan";
			};
			name = Release;
		};
/* End XCBuildConfiguration section */

/* Begin XCConfigurationList section */
		213EE24A1AFE1134008FB47C /* Build configuration list for PBXProject "EffetivePlan" */ = {
			isa = XCConfigurationList;
			buildConfigurations = (
				213EE2701AFE1134008FB47C /* Debug */,
				213EE2711AFE1134008FB47C /* Release */,
			);
			defaultConfigurationIsVisible = 0;
			defaultConfigurationName = Release;
		};
		213EE2721AFE1134008FB47C /* Build configuration list for PBXNativeTarget "EffetivePlan" */ = {
			isa = XCConfigurationList;
			buildConfigurations = (
				213EE2731AFE1134008FB47C /* Debug */,
				213EE2741AFE1134008FB47C /* Release */,
			);
			defaultConfigurationIsVisible = 0;
			defaultConfigurationName = Release;
		};
		213EE2751AFE1134008FB47C /* Build configuration list for PBXNativeTarget "EffetivePlanTests" */ = {
			isa = XCConfigurationList;
			buildConfigurations = (
				213EE2761AFE1134008FB47C /* Debug */,
				213EE2771AFE1134008FB47C /* Release */,
			);
			defaultConfigurationIsVisible = 0;
			defaultConfigurationName = Release;
		};
/* End XCConfigurationList section */

/* Begin XCVersionGroup section */
		213EE2D81AFF8D4A008FB47C /* EffectivePlan.xcdatamodeld */ = {
			isa = XCVersionGroup;
			children = (
				213EE2D91AFF8D4A008FB47C /* EffectivePlan.xcdatamodel */,
			);
			currentVersion = 213EE2D91AFF8D4A008FB47C /* EffectivePlan.xcdatamodel */;
			path = EffectivePlan.xcdatamodeld;
			sourceTree = "<group>";
			versionGroupType = wrapper.xcdatamodel;
		};
/* End XCVersionGroup section */
	};
	rootObject = 213EE2471AFE1134008FB47C /* Project object */;
}
